// !$*UTF8*$!
{
	archiveVersion = 1;
	classes = {
	};
	objectVersion = 55;
	objects = {

/* Begin PBXBuildFile section */
		2E09477228600EB8006A6069 /* PageViewController.swift in Sources */ = {isa = PBXBuildFile; fileRef = 2E09477128600EB8006A6069 /* PageViewController.swift */; };
		2E13EBBB28618E8800275E59 /* Assets.xcassets in Resources */ = {isa = PBXBuildFile; fileRef = 2E13EBBA28618E8800275E59 /* Assets.xcassets */; };
		2E13EBC128618E8900275E59 /* WatchLandmarks WatchKit Extension.appex in Embed App Extensions */ = {isa = PBXBuildFile; fileRef = 2E13EBC028618E8900275E59 /* WatchLandmarks WatchKit Extension.appex */; settings = {ATTRIBUTES = (RemoveHeadersOnCopy, ); }; };
		2E13EBC828618E8900275E59 /* ContentView.swift in Sources */ = {isa = PBXBuildFile; fileRef = 2E13EBC728618E8900275E59 /* ContentView.swift */; };
		2E13EBCA28618E8900275E59 /* NotificationController.swift in Sources */ = {isa = PBXBuildFile; fileRef = 2E13EBC928618E8900275E59 /* NotificationController.swift */; };
		2E13EBCC28618E8900275E59 /* NotificationView.swift in Sources */ = {isa = PBXBuildFile; fileRef = 2E13EBCB28618E8900275E59 /* NotificationView.swift */; };
		2E13EBCE28618E8900275E59 /* ComplicationController.swift in Sources */ = {isa = PBXBuildFile; fileRef = 2E13EBCD28618E8900275E59 /* ComplicationController.swift */; };
		2E13EBD028618E8A00275E59 /* Assets.xcassets in Resources */ = {isa = PBXBuildFile; fileRef = 2E13EBCF28618E8A00275E59 /* Assets.xcassets */; };
		2E13EBD328618E8A00275E59 /* Preview Assets.xcassets in Resources */ = {isa = PBXBuildFile; fileRef = 2E13EBD228618E8A00275E59 /* Preview Assets.xcassets */; };
		2E13EBDF28618E8A00275E59 /* WatchLandmarksTests.swift in Sources */ = {isa = PBXBuildFile; fileRef = 2E13EBDE28618E8A00275E59 /* WatchLandmarksTests.swift */; };
		2E13EBE928618E8A00275E59 /* WatchLandmarksUITests.swift in Sources */ = {isa = PBXBuildFile; fileRef = 2E13EBE828618E8A00275E59 /* WatchLandmarksUITests.swift */; };
		2E13EBEB28618E8A00275E59 /* WatchLandmarksUITestsLaunchTests.swift in Sources */ = {isa = PBXBuildFile; fileRef = 2E13EBEA28618E8A00275E59 /* WatchLandmarksUITestsLaunchTests.swift */; };
		2E13EBEE28618E8A00275E59 /* WatchLandmarks.app in Embed Watch Content */ = {isa = PBXBuildFile; fileRef = 2E13EBB828618E7F00275E59 /* WatchLandmarks.app */; settings = {ATTRIBUTES = (RemoveHeadersOnCopy, ); }; };
		2E13EBFD286196A900275E59 /* CircleImage.swift in Sources */ = {isa = PBXBuildFile; fileRef = 2E58F2B22849EE3E00BE7ED6 /* CircleImage.swift */; };
		2E13EBFE286196A900275E59 /* Landmark.swift in Sources */ = {isa = PBXBuildFile; fileRef = 2ECF7E952856F350008EB9AE /* Landmark.swift */; };
		2E13EBFF286196A900275E59 /* hikeData.json in Resources */ = {isa = PBXBuildFile; fileRef = 2EBFB7ED2859C3E0001766DC /* hikeData.json */; };
		2E13EC00286196A900275E59 /* LandmarksApp.swift in Sources */ = {isa = PBXBuildFile; fileRef = 2E58F2692849D0CD00BE7ED6 /* LandmarksApp.swift */; };
		2E13EC01286196A900275E59 /* LandmarkList.swift in Sources */ = {isa = PBXBuildFile; fileRef = 2E4E8500285720C6002F9623 /* LandmarkList.swift */; };
		2E13EC02286196A900275E59 /* LandmarkRow.swift in Sources */ = {isa = PBXBuildFile; fileRef = 2E4E84FE2857145A002F9623 /* LandmarkRow.swift */; };
		2E13EC03286196A900275E59 /* MapView.swift in Sources */ = {isa = PBXBuildFile; fileRef = 2E58F2B62849F55600BE7ED6 /* MapView.swift */; };
		2E13EC04286196A900275E59 /* landmarkData.json in Resources */ = {isa = PBXBuildFile; fileRef = 2ECF7E9C28570121008EB9AE /* landmarkData.json */; };
		2E13EC05286196A900275E59 /* Assets.xcassets in Resources */ = {isa = PBXBuildFile; fileRef = 2E58F26D2849D0D200BE7ED6 /* Assets.xcassets */; };
		2E13EC06286196A900275E59 /* Hike.swift in Sources */ = {isa = PBXBuildFile; fileRef = 2EBFB7EF2859C42C001766DC /* Hike.swift */; };
		2E13EC07286196A900275E59 /* ModelData.swift in Sources */ = {isa = PBXBuildFile; fileRef = 2ECF7E972856FBB6008EB9AE /* ModelData.swift */; };
		2E13EC08286196A900275E59 /* Profile.swift in Sources */ = {isa = PBXBuildFile; fileRef = 2E4249BC285C30D100BEB0BE /* Profile.swift */; };
		2E13EC0A2861993C00275E59 /* LandmarkDetail.swift in Sources */ = {isa = PBXBuildFile; fileRef = 2E13EC092861993C00275E59 /* LandmarkDetail.swift */; };
    2E200D892859763E00F97561 /* HexagonParameters.swift in Sources */ = {isa = PBXBuildFile; fileRef = 2E200D882859763E00F97561 /* HexagonParameters.swift */; };
		2E200D8B28597CC400F97561 /* BadgeBackground.swift in Sources */ = {isa = PBXBuildFile; fileRef = 2E200D8A28597CC400F97561 /* BadgeBackground.swift */; };
		2E3ED1C72859A6AE00A24AC0 /* BadgeSymbol.swift in Sources */ = {isa = PBXBuildFile; fileRef = 2E3ED1C62859A6AE00A24AC0 /* BadgeSymbol.swift */; };
		2E3ED1C92859AC6900A24AC0 /* RotatedBadgeSymbol.swift in Sources */ = {isa = PBXBuildFile; fileRef = 2E3ED1C82859AC6900A24AC0 /* RotatedBadgeSymbol.swift */; };
		2E3ED1CB2859AF4800A24AC0 /* Badge.swift in Sources */ = {isa = PBXBuildFile; fileRef = 2E3ED1CA2859AF4800A24AC0 /* Badge.swift */; };
		2E4249BD285C30D100BEB0BE /* Profile.swift in Sources */ = {isa = PBXBuildFile; fileRef = 2E4249BC285C30D100BEB0BE /* Profile.swift */; };
		2E4249C0285C34A800BEB0BE /* ProfileHost.swift in Sources */ = {isa = PBXBuildFile; fileRef = 2E4249BF285C34A800BEB0BE /* ProfileHost.swift */; };
		2E4249C2285C35E300BEB0BE /* ProfileSummary.swift in Sources */ = {isa = PBXBuildFile; fileRef = 2E4249C1285C35E300BEB0BE /* ProfileSummary.swift */; };
		2E4249C4285C39A200BEB0BE /* HikeBadge.swift in Sources */ = {isa = PBXBuildFile; fileRef = 2E4249C3285C39A200BEB0BE /* HikeBadge.swift */; };
		2E4249C6285C51C000BEB0BE /* ProfileEditor.swift in Sources */ = {isa = PBXBuildFile; fileRef = 2E4249C5285C51C000BEB0BE /* ProfileEditor.swift */; };
		2E4E84FF2857145A002F9623 /* LandmarkRow.swift in Sources */ = {isa = PBXBuildFile; fileRef = 2E4E84FE2857145A002F9623 /* LandmarkRow.swift */; };
		2E4E8501285720C6002F9623 /* LandmarkList.swift in Sources */ = {isa = PBXBuildFile; fileRef = 2E4E8500285720C6002F9623 /* LandmarkList.swift */; };
		2E4E85032857289C002F9623 /* LandmarkDetail.swift in Sources */ = {isa = PBXBuildFile; fileRef = 2E4E85022857289C002F9623 /* LandmarkDetail.swift */; };
		2E58F26A2849D0CD00BE7ED6 /* LandmarksApp.swift in Sources */ = {isa = PBXBuildFile; fileRef = 2E58F2692849D0CD00BE7ED6 /* LandmarksApp.swift */; };
		2E58F26C2849D0CD00BE7ED6 /* ContentView.swift in Sources */ = {isa = PBXBuildFile; fileRef = 2E58F26B2849D0CD00BE7ED6 /* ContentView.swift */; };
		2E58F26E2849D0D200BE7ED6 /* Assets.xcassets in Resources */ = {isa = PBXBuildFile; fileRef = 2E58F26D2849D0D200BE7ED6 /* Assets.xcassets */; };
		2E58F2712849D0D200BE7ED6 /* Preview Assets.xcassets in Resources */ = {isa = PBXBuildFile; fileRef = 2E58F2702849D0D200BE7ED6 /* Preview Assets.xcassets */; };
		2E58F27B2849D0D200BE7ED6 /* LandmarksTests.swift in Sources */ = {isa = PBXBuildFile; fileRef = 2E58F27A2849D0D200BE7ED6 /* LandmarksTests.swift */; };
		2E58F2852849D0D200BE7ED6 /* LandmarksUITests.swift in Sources */ = {isa = PBXBuildFile; fileRef = 2E58F2842849D0D200BE7ED6 /* LandmarksUITests.swift */; };
		2E58F2872849D0D200BE7ED6 /* LandmarksUITestsLaunchTests.swift in Sources */ = {isa = PBXBuildFile; fileRef = 2E58F2862849D0D200BE7ED6 /* LandmarksUITestsLaunchTests.swift */; };
		2E58F2B32849EE3E00BE7ED6 /* CircleImage.swift in Sources */ = {isa = PBXBuildFile; fileRef = 2E58F2B22849EE3E00BE7ED6 /* CircleImage.swift */; };
		2E58F2B72849F55600BE7ED6 /* MapView.swift in Sources */ = {isa = PBXBuildFile; fileRef = 2E58F2B62849F55600BE7ED6 /* MapView.swift */; };
		2E7E34BB28585FFD007C542D /* FavoriteButton.swift in Sources */ = {isa = PBXBuildFile; fileRef = 2E7E34BA28585FFD007C542D /* FavoriteButton.swift */; };
		2EADEEE2286017000027A401 /* FeatureCard.swift in Sources */ = {isa = PBXBuildFile; fileRef = 2EADEEE1286017000027A401 /* FeatureCard.swift */; };
		2EADEEE52860212F0027A401 /* PageView.swift in Sources */ = {isa = PBXBuildFile; fileRef = 2EADEEE42860212F0027A401 /* PageView.swift */; };
		2EBFB7EE2859C3E0001766DC /* hikeData.json in Resources */ = {isa = PBXBuildFile; fileRef = 2EBFB7ED2859C3E0001766DC /* hikeData.json */; };
		2EBFB7F02859C42C001766DC /* Hike.swift in Sources */ = {isa = PBXBuildFile; fileRef = 2EBFB7EF2859C42C001766DC /* Hike.swift */; };
		2EBFB7F62859C821001766DC /* GraphCapsule.swift in Sources */ = {isa = PBXBuildFile; fileRef = 2EBFB7F22859C821001766DC /* GraphCapsule.swift */; };
		2EBFB7F72859C821001766DC /* HikeGraph.swift in Sources */ = {isa = PBXBuildFile; fileRef = 2EBFB7F32859C821001766DC /* HikeGraph.swift */; };
		2EBFB7F82859C821001766DC /* HikeDetail.swift in Sources */ = {isa = PBXBuildFile; fileRef = 2EBFB7F42859C821001766DC /* HikeDetail.swift */; };
		2EBFB7F92859C821001766DC /* HikeView.swift in Sources */ = {isa = PBXBuildFile; fileRef = 2EBFB7F52859C821001766DC /* HikeView.swift */; };
		2ECF7E962856F350008EB9AE /* Landmark.swift in Sources */ = {isa = PBXBuildFile; fileRef = 2ECF7E952856F350008EB9AE /* Landmark.swift */; };
		2ECF7E982856FBB6008EB9AE /* ModelData.swift in Sources */ = {isa = PBXBuildFile; fileRef = 2ECF7E972856FBB6008EB9AE /* ModelData.swift */; };
		2ECF970D28604AC000D8AF7D /* PageControl.swift in Sources */ = {isa = PBXBuildFile; fileRef = 2ECF970C28604AC000D8AF7D /* PageControl.swift */; };
		2EE9198C285B10E300746925 /* CategoryHome.swift in Sources */ = {isa = PBXBuildFile; fileRef = 2EE9198B285B10E300746925 /* CategoryHome.swift */; };
		2EE9198E285B182400746925 /* CategoryRow.swift in Sources */ = {isa = PBXBuildFile; fileRef = 2EE9198D285B182400746925 /* CategoryRow.swift */; };
		2EE91990285B1BC500746925 /* CategoryItem.swift in Sources */ = {isa = PBXBuildFile; fileRef = 2EE9198F285B1BC500746925 /* CategoryItem.swift */; };
/* End PBXBuildFile section */

/* Begin PBXContainerItemProxy section */
		2E13EBC228618E8900275E59 /* PBXContainerItemProxy */ = {
			isa = PBXContainerItemProxy;
			containerPortal = 2E58F25E2849D0CD00BE7ED6 /* Project object */;
			proxyType = 1;
			remoteGlobalIDString = 2E13EBBF28618E8900275E59;
			remoteInfo = "WatchLandmarks WatchKit Extension";
		};
		2E13EBDB28618E8A00275E59 /* PBXContainerItemProxy */ = {
			isa = PBXContainerItemProxy;
			containerPortal = 2E58F25E2849D0CD00BE7ED6 /* Project object */;
			proxyType = 1;
			remoteGlobalIDString = 2E13EBBF28618E8900275E59;
			remoteInfo = "WatchLandmarks WatchKit Extension";
		};
		2E13EBE528618E8A00275E59 /* PBXContainerItemProxy */ = {
			isa = PBXContainerItemProxy;
			containerPortal = 2E58F25E2849D0CD00BE7ED6 /* Project object */;
			proxyType = 1;
			remoteGlobalIDString = 2E13EBB728618E7E00275E59;
			remoteInfo = WatchLandmarks;
		};
		2E13EBEC28618E8A00275E59 /* PBXContainerItemProxy */ = {
			isa = PBXContainerItemProxy;
			containerPortal = 2E58F25E2849D0CD00BE7ED6 /* Project object */;
			proxyType = 1;
			remoteGlobalIDString = 2E13EBB728618E7E00275E59;
			remoteInfo = WatchLandmarks;
		};
		2E58F2772849D0D200BE7ED6 /* PBXContainerItemProxy */ = {
			isa = PBXContainerItemProxy;
			containerPortal = 2E58F25E2849D0CD00BE7ED6 /* Project object */;
			proxyType = 1;
			remoteGlobalIDString = 2E58F2652849D0CD00BE7ED6;
			remoteInfo = Landmarks;
		};
		2E58F2812849D0D200BE7ED6 /* PBXContainerItemProxy */ = {
			isa = PBXContainerItemProxy;
			containerPortal = 2E58F25E2849D0CD00BE7ED6 /* Project object */;
			proxyType = 1;
			remoteGlobalIDString = 2E58F2652849D0CD00BE7ED6;
			remoteInfo = Landmarks;
		};
/* End PBXContainerItemProxy section */

/* Begin PBXCopyFilesBuildPhase section */
		2E13EBEF28618E8A00275E59 /* Embed Watch Content */ = {
			isa = PBXCopyFilesBuildPhase;
			buildActionMask = 2147483647;
			dstPath = "$(CONTENTS_FOLDER_PATH)/Watch";
			dstSubfolderSpec = 16;
			files = (
				2E13EBEE28618E8A00275E59 /* WatchLandmarks.app in Embed Watch Content */,
			);
			name = "Embed Watch Content";
			runOnlyForDeploymentPostprocessing = 0;
		};
		2E13EBF228618E8A00275E59 /* Embed App Extensions */ = {
			isa = PBXCopyFilesBuildPhase;
			buildActionMask = 2147483647;
			dstPath = "";
			dstSubfolderSpec = 13;
			files = (
				2E13EBC128618E8900275E59 /* WatchLandmarks WatchKit Extension.appex in Embed App Extensions */,
			);
			name = "Embed App Extensions";
			runOnlyForDeploymentPostprocessing = 0;
		};
/* End PBXCopyFilesBuildPhase section */

/* Begin PBXFileReference section */
		2E09477128600EB8006A6069 /* PageViewController.swift */ = {isa = PBXFileReference; lastKnownFileType = sourcecode.swift; path = PageViewController.swift; sourceTree = "<group>"; };
		2E13EBB828618E7F00275E59 /* WatchLandmarks.app */ = {isa = PBXFileReference; explicitFileType = wrapper.application; includeInIndex = 0; path = WatchLandmarks.app; sourceTree = BUILT_PRODUCTS_DIR; };
		2E13EBBA28618E8800275E59 /* Assets.xcassets */ = {isa = PBXFileReference; lastKnownFileType = folder.assetcatalog; path = Assets.xcassets; sourceTree = "<group>"; };
		2E13EBC028618E8900275E59 /* WatchLandmarks WatchKit Extension.appex */ = {isa = PBXFileReference; explicitFileType = "wrapper.app-extension"; includeInIndex = 0; path = "WatchLandmarks WatchKit Extension.appex"; sourceTree = BUILT_PRODUCTS_DIR; };
		2E13EBC728618E8900275E59 /* ContentView.swift */ = {isa = PBXFileReference; lastKnownFileType = sourcecode.swift; path = ContentView.swift; sourceTree = "<group>"; };
		2E13EBC928618E8900275E59 /* NotificationController.swift */ = {isa = PBXFileReference; lastKnownFileType = sourcecode.swift; path = NotificationController.swift; sourceTree = "<group>"; };
		2E13EBCB28618E8900275E59 /* NotificationView.swift */ = {isa = PBXFileReference; lastKnownFileType = sourcecode.swift; path = NotificationView.swift; sourceTree = "<group>"; };
		2E13EBCD28618E8900275E59 /* ComplicationController.swift */ = {isa = PBXFileReference; lastKnownFileType = sourcecode.swift; path = ComplicationController.swift; sourceTree = "<group>"; };
		2E13EBCF28618E8A00275E59 /* Assets.xcassets */ = {isa = PBXFileReference; lastKnownFileType = folder.assetcatalog; path = Assets.xcassets; sourceTree = "<group>"; };
		2E13EBD228618E8A00275E59 /* Preview Assets.xcassets */ = {isa = PBXFileReference; lastKnownFileType = folder.assetcatalog; path = "Preview Assets.xcassets"; sourceTree = "<group>"; };
		2E13EBD428618E8A00275E59 /* Info.plist */ = {isa = PBXFileReference; lastKnownFileType = text.plist.xml; path = Info.plist; sourceTree = "<group>"; };
		2E13EBD528618E8A00275E59 /* PushNotificationPayload.apns */ = {isa = PBXFileReference; lastKnownFileType = text; path = PushNotificationPayload.apns; sourceTree = "<group>"; };
		2E13EBDA28618E8A00275E59 /* WatchLandmarksTests.xctest */ = {isa = PBXFileReference; explicitFileType = wrapper.cfbundle; includeInIndex = 0; path = WatchLandmarksTests.xctest; sourceTree = BUILT_PRODUCTS_DIR; };
		2E13EBDE28618E8A00275E59 /* WatchLandmarksTests.swift */ = {isa = PBXFileReference; lastKnownFileType = sourcecode.swift; path = WatchLandmarksTests.swift; sourceTree = "<group>"; };
		2E13EBE428618E8A00275E59 /* WatchLandmarksUITests.xctest */ = {isa = PBXFileReference; explicitFileType = wrapper.cfbundle; includeInIndex = 0; path = WatchLandmarksUITests.xctest; sourceTree = BUILT_PRODUCTS_DIR; };
		2E13EBE828618E8A00275E59 /* WatchLandmarksUITests.swift */ = {isa = PBXFileReference; lastKnownFileType = sourcecode.swift; path = WatchLandmarksUITests.swift; sourceTree = "<group>"; };
		2E13EBEA28618E8A00275E59 /* WatchLandmarksUITestsLaunchTests.swift */ = {isa = PBXFileReference; lastKnownFileType = sourcecode.swift; path = WatchLandmarksUITestsLaunchTests.swift; sourceTree = "<group>"; };
		2E13EC092861993C00275E59 /* LandmarkDetail.swift */ = {isa = PBXFileReference; lastKnownFileType = sourcecode.swift; path = LandmarkDetail.swift; sourceTree = "<group>"; };
		2E200D882859763E00F97561 /* HexagonParameters.swift */ = {isa = PBXFileReference; lastKnownFileType = sourcecode.swift; path = HexagonParameters.swift; sourceTree = "<group>"; };
		2E200D8A28597CC400F97561 /* BadgeBackground.swift */ = {isa = PBXFileReference; lastKnownFileType = sourcecode.swift; path = BadgeBackground.swift; sourceTree = "<group>"; };
		2E3ED1C62859A6AE00A24AC0 /* BadgeSymbol.swift */ = {isa = PBXFileReference; lastKnownFileType = sourcecode.swift; path = BadgeSymbol.swift; sourceTree = "<group>"; };
		2E3ED1C82859AC6900A24AC0 /* RotatedBadgeSymbol.swift */ = {isa = PBXFileReference; lastKnownFileType = sourcecode.swift; path = RotatedBadgeSymbol.swift; sourceTree = "<group>"; };
		2E3ED1CA2859AF4800A24AC0 /* Badge.swift */ = {isa = PBXFileReference; lastKnownFileType = sourcecode.swift; path = Badge.swift; sourceTree = "<group>"; };
		2E4249BC285C30D100BEB0BE /* Profile.swift */ = {isa = PBXFileReference; lastKnownFileType = sourcecode.swift; path = Profile.swift; sourceTree = "<group>"; };
		2E4249BF285C34A800BEB0BE /* ProfileHost.swift */ = {isa = PBXFileReference; lastKnownFileType = sourcecode.swift; path = ProfileHost.swift; sourceTree = "<group>"; };
		2E4249C1285C35E300BEB0BE /* ProfileSummary.swift */ = {isa = PBXFileReference; lastKnownFileType = sourcecode.swift; path = ProfileSummary.swift; sourceTree = "<group>"; };
		2E4249C3285C39A200BEB0BE /* HikeBadge.swift */ = {isa = PBXFileReference; lastKnownFileType = sourcecode.swift; path = HikeBadge.swift; sourceTree = "<group>"; };
		2E4249C5285C51C000BEB0BE /* ProfileEditor.swift */ = {isa = PBXFileReference; lastKnownFileType = sourcecode.swift; path = ProfileEditor.swift; sourceTree = "<group>"; };
		2E4E84FE2857145A002F9623 /* LandmarkRow.swift */ = {isa = PBXFileReference; lastKnownFileType = sourcecode.swift; path = LandmarkRow.swift; sourceTree = "<group>"; };
		2E4E8500285720C6002F9623 /* LandmarkList.swift */ = {isa = PBXFileReference; lastKnownFileType = sourcecode.swift; path = LandmarkList.swift; sourceTree = "<group>"; };
		2E4E85022857289C002F9623 /* LandmarkDetail.swift */ = {isa = PBXFileReference; lastKnownFileType = sourcecode.swift; path = LandmarkDetail.swift; sourceTree = "<group>"; };
		2E58F2662849D0CD00BE7ED6 /* Landmarks.app */ = {isa = PBXFileReference; explicitFileType = wrapper.application; includeInIndex = 0; path = Landmarks.app; sourceTree = BUILT_PRODUCTS_DIR; };
		2E58F2692849D0CD00BE7ED6 /* LandmarksApp.swift */ = {isa = PBXFileReference; lastKnownFileType = sourcecode.swift; path = LandmarksApp.swift; sourceTree = "<group>"; };
		2E58F26B2849D0CD00BE7ED6 /* ContentView.swift */ = {isa = PBXFileReference; lastKnownFileType = sourcecode.swift; path = ContentView.swift; sourceTree = "<group>"; };
		2E58F26D2849D0D200BE7ED6 /* Assets.xcassets */ = {isa = PBXFileReference; lastKnownFileType = folder.assetcatalog; path = Assets.xcassets; sourceTree = "<group>"; };
		2E58F2702849D0D200BE7ED6 /* Preview Assets.xcassets */ = {isa = PBXFileReference; lastKnownFileType = folder.assetcatalog; path = "Preview Assets.xcassets"; sourceTree = "<group>"; };
		2E58F2762849D0D200BE7ED6 /* LandmarksTests.xctest */ = {isa = PBXFileReference; explicitFileType = wrapper.cfbundle; includeInIndex = 0; path = LandmarksTests.xctest; sourceTree = BUILT_PRODUCTS_DIR; };
		2E58F27A2849D0D200BE7ED6 /* LandmarksTests.swift */ = {isa = PBXFileReference; lastKnownFileType = sourcecode.swift; path = LandmarksTests.swift; sourceTree = "<group>"; };
		2E58F2802849D0D200BE7ED6 /* LandmarksUITests.xctest */ = {isa = PBXFileReference; explicitFileType = wrapper.cfbundle; includeInIndex = 0; path = LandmarksUITests.xctest; sourceTree = BUILT_PRODUCTS_DIR; };
		2E58F2842849D0D200BE7ED6 /* LandmarksUITests.swift */ = {isa = PBXFileReference; lastKnownFileType = sourcecode.swift; path = LandmarksUITests.swift; sourceTree = "<group>"; };
		2E58F2862849D0D200BE7ED6 /* LandmarksUITestsLaunchTests.swift */ = {isa = PBXFileReference; lastKnownFileType = sourcecode.swift; path = LandmarksUITestsLaunchTests.swift; sourceTree = "<group>"; };
		2E58F2B22849EE3E00BE7ED6 /* CircleImage.swift */ = {isa = PBXFileReference; lastKnownFileType = sourcecode.swift; path = CircleImage.swift; sourceTree = "<group>"; };
		2E58F2B62849F55600BE7ED6 /* MapView.swift */ = {isa = PBXFileReference; lastKnownFileType = sourcecode.swift; path = MapView.swift; sourceTree = "<group>"; };
		2E7E34BA28585FFD007C542D /* FavoriteButton.swift */ = {isa = PBXFileReference; lastKnownFileType = sourcecode.swift; path = FavoriteButton.swift; sourceTree = "<group>"; };
		2EADEEE1286017000027A401 /* FeatureCard.swift */ = {isa = PBXFileReference; lastKnownFileType = sourcecode.swift; path = FeatureCard.swift; sourceTree = "<group>"; };
		2EADEEE42860212F0027A401 /* PageView.swift */ = {isa = PBXFileReference; lastKnownFileType = sourcecode.swift; path = PageView.swift; sourceTree = "<group>"; };
		2EBFB7ED2859C3E0001766DC /* hikeData.json */ = {isa = PBXFileReference; fileEncoding = 4; lastKnownFileType = text.json; path = hikeData.json; sourceTree = "<group>"; };
		2EBFB7EF2859C42C001766DC /* Hike.swift */ = {isa = PBXFileReference; lastKnownFileType = sourcecode.swift; path = Hike.swift; sourceTree = "<group>"; };
		2EBFB7F22859C821001766DC /* GraphCapsule.swift */ = {isa = PBXFileReference; fileEncoding = 4; lastKnownFileType = sourcecode.swift; path = GraphCapsule.swift; sourceTree = "<group>"; };
		2EBFB7F32859C821001766DC /* HikeGraph.swift */ = {isa = PBXFileReference; fileEncoding = 4; lastKnownFileType = sourcecode.swift; path = HikeGraph.swift; sourceTree = "<group>"; };
		2EBFB7F42859C821001766DC /* HikeDetail.swift */ = {isa = PBXFileReference; fileEncoding = 4; lastKnownFileType = sourcecode.swift; path = HikeDetail.swift; sourceTree = "<group>"; };
		2EBFB7F52859C821001766DC /* HikeView.swift */ = {isa = PBXFileReference; fileEncoding = 4; lastKnownFileType = sourcecode.swift; path = HikeView.swift; sourceTree = "<group>"; };
		2ECF7E952856F350008EB9AE /* Landmark.swift */ = {isa = PBXFileReference; lastKnownFileType = sourcecode.swift; path = Landmark.swift; sourceTree = "<group>"; };
		2ECF7E972856FBB6008EB9AE /* ModelData.swift */ = {isa = PBXFileReference; lastKnownFileType = sourcecode.swift; path = ModelData.swift; sourceTree = "<group>"; };
		2ECF7E9C28570121008EB9AE /* landmarkData.json */ = {isa = PBXFileReference; lastKnownFileType = text.json; path = landmarkData.json; sourceTree = "<group>"; };
		2ECF970C28604AC000D8AF7D /* PageControl.swift */ = {isa = PBXFileReference; lastKnownFileType = sourcecode.swift; path = PageControl.swift; sourceTree = "<group>"; };
		2EE9198B285B10E300746925 /* CategoryHome.swift */ = {isa = PBXFileReference; lastKnownFileType = sourcecode.swift; path = CategoryHome.swift; sourceTree = "<group>"; };
		2EE9198D285B182400746925 /* CategoryRow.swift */ = {isa = PBXFileReference; lastKnownFileType = sourcecode.swift; path = CategoryRow.swift; sourceTree = "<group>"; };
		2EE9198F285B1BC500746925 /* CategoryItem.swift */ = {isa = PBXFileReference; lastKnownFileType = sourcecode.swift; path = CategoryItem.swift; sourceTree = "<group>"; };
/* End PBXFileReference section */

/* Begin PBXFrameworksBuildPhase section */
		2E13EBBD28618E8900275E59 /* Frameworks */ = {
			isa = PBXFrameworksBuildPhase;
			buildActionMask = 2147483647;
			files = (
			);
			runOnlyForDeploymentPostprocessing = 0;
		};
		2E13EBD728618E8A00275E59 /* Frameworks */ = {
			isa = PBXFrameworksBuildPhase;
			buildActionMask = 2147483647;
			files = (
			);
			runOnlyForDeploymentPostprocessing = 0;
		};
		2E13EBE128618E8A00275E59 /* Frameworks */ = {
			isa = PBXFrameworksBuildPhase;
			buildActionMask = 2147483647;
			files = (
			);
			runOnlyForDeploymentPostprocessing = 0;
		};
		2E58F2632849D0CD00BE7ED6 /* Frameworks */ = {
			isa = PBXFrameworksBuildPhase;
			buildActionMask = 2147483647;
			files = (
			);
			runOnlyForDeploymentPostprocessing = 0;
		};
		2E58F2732849D0D200BE7ED6 /* Frameworks */ = {
			isa = PBXFrameworksBuildPhase;
			buildActionMask = 2147483647;
			files = (
			);
			runOnlyForDeploymentPostprocessing = 0;
		};
		2E58F27D2849D0D200BE7ED6 /* Frameworks */ = {
			isa = PBXFrameworksBuildPhase;
			buildActionMask = 2147483647;
			files = (
			);
			runOnlyForDeploymentPostprocessing = 0;
		};
/* End PBXFrameworksBuildPhase section */

/* Begin PBXGroup section */
		2E13EBB928618E7F00275E59 /* WatchLandmarks */ = {
			isa = PBXGroup;
			children = (
				2E13EBBA28618E8800275E59 /* Assets.xcassets */,
			);
			path = WatchLandmarks;
			sourceTree = "<group>";
		};
		2E13EBC428618E8900275E59 /* WatchLandmarks WatchKit Extension */ = {
			isa = PBXGroup;
			children = (
				2E13EBC728618E8900275E59 /* ContentView.swift */,
				2E13EBC928618E8900275E59 /* NotificationController.swift */,
				2E13EBCB28618E8900275E59 /* NotificationView.swift */,
				2E13EBCD28618E8900275E59 /* ComplicationController.swift */,
				2E13EBCF28618E8A00275E59 /* Assets.xcassets */,
				2E13EBD428618E8A00275E59 /* Info.plist */,
				2E13EBD528618E8A00275E59 /* PushNotificationPayload.apns */,
				2E13EBD128618E8A00275E59 /* Preview Content */,
				2E13EC092861993C00275E59 /* LandmarkDetail.swift */,
			);
			path = "WatchLandmarks WatchKit Extension";
			sourceTree = "<group>";
		};
		2E13EBD128618E8A00275E59 /* Preview Content */ = {
			isa = PBXGroup;
			children = (
				2E13EBD228618E8A00275E59 /* Preview Assets.xcassets */,
			);
			path = "Preview Content";
			sourceTree = "<group>";
		};
		2E13EBDD28618E8A00275E59 /* WatchLandmarksTests */ = {
			isa = PBXGroup;
			children = (
				2E13EBDE28618E8A00275E59 /* WatchLandmarksTests.swift */,
			);
			path = WatchLandmarksTests;
			sourceTree = "<group>";
		};
		2E13EBE728618E8A00275E59 /* WatchLandmarksUITests */ = {
			isa = PBXGroup;
			children = (
				2E13EBE828618E8A00275E59 /* WatchLandmarksUITests.swift */,
				2E13EBEA28618E8A00275E59 /* WatchLandmarksUITestsLaunchTests.swift */,
			);
			path = WatchLandmarksUITests;
			sourceTree = "<group>";
		};
		2E3ED1CC2859B38000A24AC0 /* Badges */ = {
			isa = PBXGroup;
			children = (
				2E3ED1CA2859AF4800A24AC0 /* Badge.swift */,
				2E200D8A28597CC400F97561 /* BadgeBackground.swift */,
				2E3ED1C62859A6AE00A24AC0 /* BadgeSymbol.swift */,
				2E3ED1C82859AC6900A24AC0 /* RotatedBadgeSymbol.swift */,
				2E200D882859763E00F97561 /* HexagonParameters.swift */,
			);
			path = Badges;
			sourceTree = "<group>";
		};
		2E4249BE285C33B200BEB0BE /* Profiles */ = {
			isa = PBXGroup;
			children = (
				2E4249BF285C34A800BEB0BE /* ProfileHost.swift */,
				2E4249C1285C35E300BEB0BE /* ProfileSummary.swift */,
				2E4249C5285C51C000BEB0BE /* ProfileEditor.swift */,
			);
			path = Profiles;
			sourceTree = "<group>";
		};
		2E58F25D2849D0CD00BE7ED6 = {
			isa = PBXGroup;
			children = (
				2E58F2682849D0CD00BE7ED6 /* Landmarks */,
				2E58F2792849D0D200BE7ED6 /* LandmarksTests */,
				2E58F2832849D0D200BE7ED6 /* LandmarksUITests */,
				2E13EBB928618E7F00275E59 /* WatchLandmarks */,
				2E13EBC428618E8900275E59 /* WatchLandmarks WatchKit Extension */,
				2E13EBDD28618E8A00275E59 /* WatchLandmarksTests */,
				2E13EBE728618E8A00275E59 /* WatchLandmarksUITests */,
				2E58F2672849D0CD00BE7ED6 /* Products */,
			);
			sourceTree = "<group>";
		};
		2E58F2672849D0CD00BE7ED6 /* Products */ = {
			isa = PBXGroup;
			children = (
				2E58F2662849D0CD00BE7ED6 /* Landmarks.app */,
				2E58F2762849D0D200BE7ED6 /* LandmarksTests.xctest */,
				2E58F2802849D0D200BE7ED6 /* LandmarksUITests.xctest */,
				2E13EBB828618E7F00275E59 /* WatchLandmarks.app */,
				2E13EBC028618E8900275E59 /* WatchLandmarks WatchKit Extension.appex */,
				2E13EBDA28618E8A00275E59 /* WatchLandmarksTests.xctest */,
				2E13EBE428618E8A00275E59 /* WatchLandmarksUITests.xctest */,
			);
			name = Products;
			sourceTree = "<group>";
		};
		2E58F2682849D0CD00BE7ED6 /* Landmarks */ = {
			isa = PBXGroup;
			children = (
				2E58F2692849D0CD00BE7ED6 /* LandmarksApp.swift */,
				2ECF7E9A2856FFB1008EB9AE /* Views */,
				2EBFB7F12859C821001766DC /* Hikes */,
				2ECF7E9D2857018C008EB9AE /* Model */,
				2ECF7E9B28570121008EB9AE /* Resources */,
				2E58F26D2849D0D200BE7ED6 /* Assets.xcassets */,
				2E58F26F2849D0D200BE7ED6 /* Preview Content */,
			);
			path = Landmarks;
			sourceTree = "<group>";
		};
		2E58F26F2849D0D200BE7ED6 /* Preview Content */ = {
			isa = PBXGroup;
			children = (
				2E58F2702849D0D200BE7ED6 /* Preview Assets.xcassets */,
			);
			path = "Preview Content";
			sourceTree = "<group>";
		};
		2E58F2792849D0D200BE7ED6 /* LandmarksTests */ = {
			isa = PBXGroup;
			children = (
				2E58F27A2849D0D200BE7ED6 /* LandmarksTests.swift */,
			);
			path = LandmarksTests;
			sourceTree = "<group>";
		};
		2E58F2832849D0D200BE7ED6 /* LandmarksUITests */ = {
			isa = PBXGroup;
			children = (
				2E58F2842849D0D200BE7ED6 /* LandmarksUITests.swift */,
				2E58F2862849D0D200BE7ED6 /* LandmarksUITestsLaunchTests.swift */,
			);
			path = LandmarksUITests;
			sourceTree = "<group>";
		};
		2E7E34BC28586256007C542D /* Landmarks */ = {
			isa = PBXGroup;
			children = (
				2E4E8500285720C6002F9623 /* LandmarkList.swift */,
				2E4E84FE2857145A002F9623 /* LandmarkRow.swift */,
				2E4E85022857289C002F9623 /* LandmarkDetail.swift */,
			);
			path = Landmarks;
			sourceTree = "<group>";
		};
		2E7E34BD28586277007C542D /* Helpers */ = {
			isa = PBXGroup;
			children = (
				2E58F2B62849F55600BE7ED6 /* MapView.swift */,
				2E58F2B22849EE3E00BE7ED6 /* CircleImage.swift */,
				2E7E34BA28585FFD007C542D /* FavoriteButton.swift */,
			);
			path = Helpers;
			sourceTree = "<group>";
		};
		2EADEEE3286019930027A401 /* PageView */ = {
			isa = PBXGroup;
			children = (
				2EADEEE42860212F0027A401 /* PageView.swift */,
				2E09477128600EB8006A6069 /* PageViewController.swift */,
				2EADEEE1286017000027A401 /* FeatureCard.swift */,
				2ECF970C28604AC000D8AF7D /* PageControl.swift */,
			);
			path = PageView;
			sourceTree = "<group>";
		};
		2EBFB7F12859C821001766DC /* Hikes */ = {
			isa = PBXGroup;
			children = (
				2EBFB7F52859C821001766DC /* HikeView.swift */,
				2EBFB7F32859C821001766DC /* HikeGraph.swift */,
				2EBFB7F42859C821001766DC /* HikeDetail.swift */,
				2EBFB7F22859C821001766DC /* GraphCapsule.swift */,
				2E4249C3285C39A200BEB0BE /* HikeBadge.swift */,
			);
			path = Hikes;
			sourceTree = "<group>";
		};
		2ECF7E9A2856FFB1008EB9AE /* Views */ = {
			isa = PBXGroup;
			children = (
				2E58F26B2849D0CD00BE7ED6 /* ContentView.swift */,
				2E4249BE285C33B200BEB0BE /* Profiles */,
				2E7E34BC28586256007C542D /* Landmarks */,
				2EE9198A285B10A600746925 /* Categories */,
				2E3ED1CC2859B38000A24AC0 /* Badges */,
				2E7E34BD28586277007C542D /* Helpers */,
				2EADEEE3286019930027A401 /* PageView */,
			);
			path = Views;
			sourceTree = "<group>";
		};
		2ECF7E9B28570121008EB9AE /* Resources */ = {
			isa = PBXGroup;
			children = (
				2ECF7E9C28570121008EB9AE /* landmarkData.json */,
				2EBFB7ED2859C3E0001766DC /* hikeData.json */,
			);
			path = Resources;
			sourceTree = "<group>";
		};
		2ECF7E9D2857018C008EB9AE /* Model */ = {
			isa = PBXGroup;
			children = (
				2ECF7E952856F350008EB9AE /* Landmark.swift */,
				2ECF7E972856FBB6008EB9AE /* ModelData.swift */,
				2EBFB7EF2859C42C001766DC /* Hike.swift */,
				2E4249BC285C30D100BEB0BE /* Profile.swift */,
			);
			path = Model;
			sourceTree = "<group>";
		};
		2EE9198A285B10A600746925 /* Categories */ = {
			isa = PBXGroup;
			children = (
				2EE9198B285B10E300746925 /* CategoryHome.swift */,
				2EE9198D285B182400746925 /* CategoryRow.swift */,
				2EE9198F285B1BC500746925 /* CategoryItem.swift */,
			);
			path = Categories;
			sourceTree = "<group>";
		};
/* End PBXGroup section */

/* Begin PBXNativeTarget section */
		2E13EBB728618E7E00275E59 /* WatchLandmarks */ = {
			isa = PBXNativeTarget;
			buildConfigurationList = 2E13EBFA28618E8A00275E59 /* Build configuration list for PBXNativeTarget "WatchLandmarks" */;
			buildPhases = (
				2E13EBB628618E7E00275E59 /* Resources */,
				2E13EBF228618E8A00275E59 /* Embed App Extensions */,
			);
			buildRules = (
			);
			dependencies = (
				2E13EBC328618E8900275E59 /* PBXTargetDependency */,
			);
			name = WatchLandmarks;
			productName = WatchLandmarks;
			productReference = 2E13EBB828618E7F00275E59 /* WatchLandmarks.app */;
			productType = "com.apple.product-type.application.watchapp2";
		};
		2E13EBBF28618E8900275E59 /* WatchLandmarks WatchKit Extension */ = {
			isa = PBXNativeTarget;
			buildConfigurationList = 2E13EBF928618E8A00275E59 /* Build configuration list for PBXNativeTarget "WatchLandmarks WatchKit Extension" */;
			buildPhases = (
				2E13EBBC28618E8900275E59 /* Sources */,
				2E13EBBD28618E8900275E59 /* Frameworks */,
				2E13EBBE28618E8900275E59 /* Resources */,
			);
			buildRules = (
			);
			dependencies = (
			);
			name = "WatchLandmarks WatchKit Extension";
			productName = "WatchLandmarks WatchKit Extension";
			productReference = 2E13EBC028618E8900275E59 /* WatchLandmarks WatchKit Extension.appex */;
			productType = "com.apple.product-type.watchkit2-extension";
		};
		2E13EBD928618E8A00275E59 /* WatchLandmarksTests */ = {
			isa = PBXNativeTarget;
			buildConfigurationList = 2E13EBFB28618E8A00275E59 /* Build configuration list for PBXNativeTarget "WatchLandmarksTests" */;
			buildPhases = (
				2E13EBD628618E8A00275E59 /* Sources */,
				2E13EBD728618E8A00275E59 /* Frameworks */,
				2E13EBD828618E8A00275E59 /* Resources */,
			);
			buildRules = (
			);
			dependencies = (
				2E13EBDC28618E8A00275E59 /* PBXTargetDependency */,
			);
			name = WatchLandmarksTests;
			productName = WatchLandmarksTests;
			productReference = 2E13EBDA28618E8A00275E59 /* WatchLandmarksTests.xctest */;
			productType = "com.apple.product-type.bundle.unit-test";
		};
		2E13EBE328618E8A00275E59 /* WatchLandmarksUITests */ = {
			isa = PBXNativeTarget;
			buildConfigurationList = 2E13EBFC28618E8A00275E59 /* Build configuration list for PBXNativeTarget "WatchLandmarksUITests" */;
			buildPhases = (
				2E13EBE028618E8A00275E59 /* Sources */,
				2E13EBE128618E8A00275E59 /* Frameworks */,
				2E13EBE228618E8A00275E59 /* Resources */,
			);
			buildRules = (
			);
			dependencies = (
				2E13EBE628618E8A00275E59 /* PBXTargetDependency */,
			);
			name = WatchLandmarksUITests;
			productName = WatchLandmarksUITests;
			productReference = 2E13EBE428618E8A00275E59 /* WatchLandmarksUITests.xctest */;
			productType = "com.apple.product-type.bundle.ui-testing";
		};
		2E58F2652849D0CD00BE7ED6 /* Landmarks */ = {
			isa = PBXNativeTarget;
			buildConfigurationList = 2E58F28A2849D0D200BE7ED6 /* Build configuration list for PBXNativeTarget "Landmarks" */;
			buildPhases = (
				2E58F2622849D0CD00BE7ED6 /* Sources */,
				2E58F2632849D0CD00BE7ED6 /* Frameworks */,
				2E58F2642849D0CD00BE7ED6 /* Resources */,
				2E13EBEF28618E8A00275E59 /* Embed Watch Content */,
			);
			buildRules = (
			);
			dependencies = (
				2E13EBED28618E8A00275E59 /* PBXTargetDependency */,
			);
			name = Landmarks;
			productName = Landmarks;
			productReference = 2E58F2662849D0CD00BE7ED6 /* Landmarks.app */;
			productType = "com.apple.product-type.application";
		};
		2E58F2752849D0D200BE7ED6 /* LandmarksTests */ = {
			isa = PBXNativeTarget;
			buildConfigurationList = 2E58F28D2849D0D200BE7ED6 /* Build configuration list for PBXNativeTarget "LandmarksTests" */;
			buildPhases = (
				2E58F2722849D0D200BE7ED6 /* Sources */,
				2E58F2732849D0D200BE7ED6 /* Frameworks */,
				2E58F2742849D0D200BE7ED6 /* Resources */,
			);
			buildRules = (
			);
			dependencies = (
				2E58F2782849D0D200BE7ED6 /* PBXTargetDependency */,
			);
			name = LandmarksTests;
			productName = LandmarksTests;
			productReference = 2E58F2762849D0D200BE7ED6 /* LandmarksTests.xctest */;
			productType = "com.apple.product-type.bundle.unit-test";
		};
		2E58F27F2849D0D200BE7ED6 /* LandmarksUITests */ = {
			isa = PBXNativeTarget;
			buildConfigurationList = 2E58F2902849D0D200BE7ED6 /* Build configuration list for PBXNativeTarget "LandmarksUITests" */;
			buildPhases = (
				2E58F27C2849D0D200BE7ED6 /* Sources */,
				2E58F27D2849D0D200BE7ED6 /* Frameworks */,
				2E58F27E2849D0D200BE7ED6 /* Resources */,
			);
			buildRules = (
			);
			dependencies = (
				2E58F2822849D0D200BE7ED6 /* PBXTargetDependency */,
			);
			name = LandmarksUITests;
			productName = LandmarksUITests;
			productReference = 2E58F2802849D0D200BE7ED6 /* LandmarksUITests.xctest */;
			productType = "com.apple.product-type.bundle.ui-testing";
		};
/* End PBXNativeTarget section */

/* Begin PBXProject section */
		2E58F25E2849D0CD00BE7ED6 /* Project object */ = {
			isa = PBXProject;
			attributes = {
				BuildIndependentTargetsInParallel = 1;
				LastSwiftUpdateCheck = 1340;
				LastUpgradeCheck = 1340;
				TargetAttributes = {
					2E13EBB728618E7E00275E59 = {
						CreatedOnToolsVersion = 13.4.1;
					};
					2E13EBBF28618E8900275E59 = {
						CreatedOnToolsVersion = 13.4.1;
					};
					2E13EBD928618E8A00275E59 = {
						CreatedOnToolsVersion = 13.4.1;
						TestTargetID = 2E13EBBF28618E8900275E59;
					};
					2E13EBE328618E8A00275E59 = {
						CreatedOnToolsVersion = 13.4.1;
						TestTargetID = 2E13EBB728618E7E00275E59;
					};
					2E58F2652849D0CD00BE7ED6 = {
						CreatedOnToolsVersion = 13.4;
					};
					2E58F2752849D0D200BE7ED6 = {
						CreatedOnToolsVersion = 13.4;
						TestTargetID = 2E58F2652849D0CD00BE7ED6;
					};
					2E58F27F2849D0D200BE7ED6 = {
						CreatedOnToolsVersion = 13.4;
						TestTargetID = 2E58F2652849D0CD00BE7ED6;
					};
				};
			};
			buildConfigurationList = 2E58F2612849D0CD00BE7ED6 /* Build configuration list for PBXProject "Landmarks" */;
			compatibilityVersion = "Xcode 13.0";
			developmentRegion = en;
			hasScannedForEncodings = 0;
			knownRegions = (
				en,
				Base,
			);
			mainGroup = 2E58F25D2849D0CD00BE7ED6;
			productRefGroup = 2E58F2672849D0CD00BE7ED6 /* Products */;
			projectDirPath = "";
			projectRoot = "";
			targets = (
				2E58F2652849D0CD00BE7ED6 /* Landmarks */,
				2E58F2752849D0D200BE7ED6 /* LandmarksTests */,
				2E58F27F2849D0D200BE7ED6 /* LandmarksUITests */,
				2E13EBB728618E7E00275E59 /* WatchLandmarks */,
				2E13EBBF28618E8900275E59 /* WatchLandmarks WatchKit Extension */,
				2E13EBD928618E8A00275E59 /* WatchLandmarksTests */,
				2E13EBE328618E8A00275E59 /* WatchLandmarksUITests */,
			);
		};
/* End PBXProject section */

/* Begin PBXResourcesBuildPhase section */
		2E13EBB628618E7E00275E59 /* Resources */ = {
			isa = PBXResourcesBuildPhase;
			buildActionMask = 2147483647;
			files = (
				2E13EBBB28618E8800275E59 /* Assets.xcassets in Resources */,
			);
			runOnlyForDeploymentPostprocessing = 0;
		};
		2E13EBBE28618E8900275E59 /* Resources */ = {
			isa = PBXResourcesBuildPhase;
			buildActionMask = 2147483647;
			files = (
				2E13EBD328618E8A00275E59 /* Preview Assets.xcassets in Resources */,
				2E13EC04286196A900275E59 /* landmarkData.json in Resources */,
				2E13EBFF286196A900275E59 /* hikeData.json in Resources */,
				2E13EBD028618E8A00275E59 /* Assets.xcassets in Resources */,
				2E13EC05286196A900275E59 /* Assets.xcassets in Resources */,
			);
			runOnlyForDeploymentPostprocessing = 0;
		};
		2E13EBD828618E8A00275E59 /* Resources */ = {
			isa = PBXResourcesBuildPhase;
			buildActionMask = 2147483647;
			files = (
			);
			runOnlyForDeploymentPostprocessing = 0;
		};
		2E13EBE228618E8A00275E59 /* Resources */ = {
			isa = PBXResourcesBuildPhase;
			buildActionMask = 2147483647;
			files = (
			);
			runOnlyForDeploymentPostprocessing = 0;
		};
		2E58F2642849D0CD00BE7ED6 /* Resources */ = {
			isa = PBXResourcesBuildPhase;
			buildActionMask = 2147483647;
			files = (
				2E58F2712849D0D200BE7ED6 /* Preview Assets.xcassets in Resources */,
				2EBFB7EE2859C3E0001766DC /* hikeData.json in Resources */,
				2E58F26E2849D0D200BE7ED6 /* Assets.xcassets in Resources */,
			);
			runOnlyForDeploymentPostprocessing = 0;
		};
		2E58F2742849D0D200BE7ED6 /* Resources */ = {
			isa = PBXResourcesBuildPhase;
			buildActionMask = 2147483647;
			files = (
			);
			runOnlyForDeploymentPostprocessing = 0;
		};
		2E58F27E2849D0D200BE7ED6 /* Resources */ = {
			isa = PBXResourcesBuildPhase;
			buildActionMask = 2147483647;
			files = (
			);
			runOnlyForDeploymentPostprocessing = 0;
		};
/* End PBXResourcesBuildPhase section */

/* Begin PBXSourcesBuildPhase section */
		2E13EBBC28618E8900275E59 /* Sources */ = {
			isa = PBXSourcesBuildPhase;
			buildActionMask = 2147483647;
			files = (
				2E13EBCA28618E8900275E59 /* NotificationController.swift in Sources */,
				2E13EC00286196A900275E59 /* LandmarksApp.swift in Sources */,
				2E13EBC828618E8900275E59 /* ContentView.swift in Sources */,
				2E13EC08286196A900275E59 /* Profile.swift in Sources */,
				2E13EC01286196A900275E59 /* LandmarkList.swift in Sources */,
				2E13EC06286196A900275E59 /* Hike.swift in Sources */,
				2E13EC0A2861993C00275E59 /* LandmarkDetail.swift in Sources */,
				2E13EC07286196A900275E59 /* ModelData.swift in Sources */,
				2E13EBCE28618E8900275E59 /* ComplicationController.swift in Sources */,
				2E13EBCC28618E8900275E59 /* NotificationView.swift in Sources */,
				2E13EBFD286196A900275E59 /* CircleImage.swift in Sources */,
				2E13EC03286196A900275E59 /* MapView.swift in Sources */,
				2E13EBFE286196A900275E59 /* Landmark.swift in Sources */,
				2E13EC02286196A900275E59 /* LandmarkRow.swift in Sources */,
			);
			runOnlyForDeploymentPostprocessing = 0;
		};
		2E13EBD628618E8A00275E59 /* Sources */ = {
			isa = PBXSourcesBuildPhase;
			buildActionMask = 2147483647;
			files = (
				2E13EBDF28618E8A00275E59 /* WatchLandmarksTests.swift in Sources */,
			);
			runOnlyForDeploymentPostprocessing = 0;
		};
		2E13EBE028618E8A00275E59 /* Sources */ = {
			isa = PBXSourcesBuildPhase;
			buildActionMask = 2147483647;
			files = (
				2E13EBEB28618E8A00275E59 /* WatchLandmarksUITestsLaunchTests.swift in Sources */,
				2E13EBE928618E8A00275E59 /* WatchLandmarksUITests.swift in Sources */,
			);
			runOnlyForDeploymentPostprocessing = 0;
		};
		2E58F2622849D0CD00BE7ED6 /* Sources */ = {
			isa = PBXSourcesBuildPhase;
			buildActionMask = 2147483647;
			files = (
				2EE9198E285B182400746925 /* CategoryRow.swift in Sources */,
				2E4249BD285C30D100BEB0BE /* Profile.swift in Sources */,
				2E58F26C2849D0CD00BE7ED6 /* ContentView.swift in Sources */,
				2EE9198C285B10E300746925 /* CategoryHome.swift in Sources */,
				2EADEEE2286017000027A401 /* FeatureCard.swift in Sources */,
				2EBFB7F72859C821001766DC /* HikeGraph.swift in Sources */,
				2E3ED1CB2859AF4800A24AC0 /* Badge.swift in Sources */,
				2E58F2B72849F55600BE7ED6 /* MapView.swift in Sources */,
				2EBFB7F62859C821001766DC /* GraphCapsule.swift in Sources */,
				2E58F26A2849D0CD00BE7ED6 /* LandmarksApp.swift in Sources */,
				2ECF970D28604AC000D8AF7D /* PageControl.swift in Sources */,
				2E7E34BB28585FFD007C542D /* FavoriteButton.swift in Sources */,
				2EE91990285B1BC500746925 /* CategoryItem.swift in Sources */,
				2EBFB7F82859C821001766DC /* HikeDetail.swift in Sources */,
				2E4249C2285C35E300BEB0BE /* ProfileSummary.swift in Sources */,
				2E200D892859763E00F97561 /* HexagonParameters.swift in Sources */,
				2E4249C0285C34A800BEB0BE /* ProfileHost.swift in Sources */,
				2EBFB7F02859C42C001766DC /* Hike.swift in Sources */,
				2E3ED1C92859AC6900A24AC0 /* RotatedBadgeSymbol.swift in Sources */,
				2EADEEE52860212F0027A401 /* PageView.swift in Sources */,
				2E3ED1C72859A6AE00A24AC0 /* BadgeSymbol.swift in Sources */,
				2E4249C6285C51C000BEB0BE /* ProfileEditor.swift in Sources */,
				2E4E8501285720C6002F9623 /* LandmarkList.swift in Sources */,
				2EBFB7F92859C821001766DC /* HikeView.swift in Sources */,
				2E4E85032857289C002F9623 /* LandmarkDetail.swift in Sources */,
				2E09477228600EB8006A6069 /* PageViewController.swift in Sources */,
				2E200D8B28597CC400F97561 /* BadgeBackground.swift in Sources */,
				2E4249C4285C39A200BEB0BE /* HikeBadge.swift in Sources */,
				2E58F2B32849EE3E00BE7ED6 /* CircleImage.swift in Sources */,
				2ECF7E962856F350008EB9AE /* Landmark.swift in Sources */,
				2E4E84FF2857145A002F9623 /* LandmarkRow.swift in Sources */,
				2ECF7E982856FBB6008EB9AE /* ModelData.swift in Sources */,
			);
			runOnlyForDeploymentPostprocessing = 0;
		};
		2E58F2722849D0D200BE7ED6 /* Sources */ = {
			isa = PBXSourcesBuildPhase;
			buildActionMask = 2147483647;
			files = (
				2E58F27B2849D0D200BE7ED6 /* LandmarksTests.swift in Sources */,
			);
			runOnlyForDeploymentPostprocessing = 0;
		};
		2E58F27C2849D0D200BE7ED6 /* Sources */ = {
			isa = PBXSourcesBuildPhase;
			buildActionMask = 2147483647;
			files = (
				2E58F2872849D0D200BE7ED6 /* LandmarksUITestsLaunchTests.swift in Sources */,
				2E58F2852849D0D200BE7ED6 /* LandmarksUITests.swift in Sources */,
			);
			runOnlyForDeploymentPostprocessing = 0;
		};
/* End PBXSourcesBuildPhase section */

/* Begin PBXTargetDependency section */
		2E13EBC328618E8900275E59 /* PBXTargetDependency */ = {
			isa = PBXTargetDependency;
			target = 2E13EBBF28618E8900275E59 /* WatchLandmarks WatchKit Extension */;
			targetProxy = 2E13EBC228618E8900275E59 /* PBXContainerItemProxy */;
		};
		2E13EBDC28618E8A00275E59 /* PBXTargetDependency */ = {
			isa = PBXTargetDependency;
			target = 2E13EBBF28618E8900275E59 /* WatchLandmarks WatchKit Extension */;
			targetProxy = 2E13EBDB28618E8A00275E59 /* PBXContainerItemProxy */;
		};
		2E13EBE628618E8A00275E59 /* PBXTargetDependency */ = {
			isa = PBXTargetDependency;
			target = 2E13EBB728618E7E00275E59 /* WatchLandmarks */;
			targetProxy = 2E13EBE528618E8A00275E59 /* PBXContainerItemProxy */;
		};
		2E13EBED28618E8A00275E59 /* PBXTargetDependency */ = {
			isa = PBXTargetDependency;
			target = 2E13EBB728618E7E00275E59 /* WatchLandmarks */;
			targetProxy = 2E13EBEC28618E8A00275E59 /* PBXContainerItemProxy */;
		};
		2E58F2782849D0D200BE7ED6 /* PBXTargetDependency */ = {
			isa = PBXTargetDependency;
			target = 2E58F2652849D0CD00BE7ED6 /* Landmarks */;
			targetProxy = 2E58F2772849D0D200BE7ED6 /* PBXContainerItemProxy */;
		};
		2E58F2822849D0D200BE7ED6 /* PBXTargetDependency */ = {
			isa = PBXTargetDependency;
			target = 2E58F2652849D0CD00BE7ED6 /* Landmarks */;
			targetProxy = 2E58F2812849D0D200BE7ED6 /* PBXContainerItemProxy */;
		};
/* End PBXTargetDependency section */

/* Begin XCBuildConfiguration section */
		2E13EBF028618E8A00275E59 /* Debug */ = {
			isa = XCBuildConfiguration;
			buildSettings = {
				ALWAYS_EMBED_SWIFT_STANDARD_LIBRARIES = YES;
				ASSETCATALOG_COMPILER_APPICON_NAME = AppIcon;
				ASSETCATALOG_COMPILER_GLOBAL_ACCENT_COLOR_NAME = AccentColor;
				CODE_SIGN_STYLE = Automatic;
				CURRENT_PROJECT_VERSION = 1;
				GENERATE_INFOPLIST_FILE = YES;
				IBSC_MODULE = WatchLandmarks_WatchKit_Extension;
				INFOPLIST_KEY_CFBundleDisplayName = WatchLandmarks;
				INFOPLIST_KEY_UISupportedInterfaceOrientations = "UIInterfaceOrientationPortrait UIInterfaceOrientationPortraitUpsideDown";
				INFOPLIST_KEY_WKCompanionAppBundleIdentifier = Hiroyukiy.Landmarks;
				MARKETING_VERSION = 1.0;
				PRODUCT_BUNDLE_IDENTIFIER = Hiroyukiy.Landmarks.watchkitapp;
				PRODUCT_NAME = "$(TARGET_NAME)";
				SDKROOT = watchos;
				SKIP_INSTALL = YES;
				SWIFT_EMIT_LOC_STRINGS = YES;
				SWIFT_VERSION = 5.0;
				TARGETED_DEVICE_FAMILY = 4;
				WATCHOS_DEPLOYMENT_TARGET = 8.5;
			};
			name = Debug;
		};
		2E13EBF128618E8A00275E59 /* Release */ = {
			isa = XCBuildConfiguration;
			buildSettings = {
				ALWAYS_EMBED_SWIFT_STANDARD_LIBRARIES = YES;
				ASSETCATALOG_COMPILER_APPICON_NAME = AppIcon;
				ASSETCATALOG_COMPILER_GLOBAL_ACCENT_COLOR_NAME = AccentColor;
				CODE_SIGN_STYLE = Automatic;
				CURRENT_PROJECT_VERSION = 1;
				GENERATE_INFOPLIST_FILE = YES;
				IBSC_MODULE = WatchLandmarks_WatchKit_Extension;
				INFOPLIST_KEY_CFBundleDisplayName = WatchLandmarks;
				INFOPLIST_KEY_UISupportedInterfaceOrientations = "UIInterfaceOrientationPortrait UIInterfaceOrientationPortraitUpsideDown";
				INFOPLIST_KEY_WKCompanionAppBundleIdentifier = Hiroyukiy.Landmarks;
				MARKETING_VERSION = 1.0;
				PRODUCT_BUNDLE_IDENTIFIER = Hiroyukiy.Landmarks.watchkitapp;
				PRODUCT_NAME = "$(TARGET_NAME)";
				SDKROOT = watchos;
				SKIP_INSTALL = YES;
				SWIFT_EMIT_LOC_STRINGS = YES;
				SWIFT_VERSION = 5.0;
				TARGETED_DEVICE_FAMILY = 4;
				WATCHOS_DEPLOYMENT_TARGET = 8.5;
			};
			name = Release;
		};
		2E13EBF328618E8A00275E59 /* Debug */ = {
			isa = XCBuildConfiguration;
			buildSettings = {
				ASSETCATALOG_COMPILER_COMPLICATION_NAME = Complication;
				CODE_SIGN_STYLE = Automatic;
				CURRENT_PROJECT_VERSION = 1;
				DEVELOPMENT_ASSET_PATHS = "\"WatchLandmarks WatchKit Extension/Preview Content\"";
				ENABLE_PREVIEWS = YES;
				GENERATE_INFOPLIST_FILE = YES;
				INFOPLIST_FILE = "WatchLandmarks WatchKit Extension/Info.plist";
				INFOPLIST_KEY_CFBundleDisplayName = "WatchLandmarks WatchKit Extension";
				INFOPLIST_KEY_CLKComplicationPrincipalClass = WatchLandmarks_WatchKit_Extension.ComplicationController;
				INFOPLIST_KEY_NSHumanReadableCopyright = "";
				INFOPLIST_KEY_WKRunsIndependentlyOfCompanionApp = YES;
				LD_RUNPATH_SEARCH_PATHS = (
					"$(inherited)",
					"@executable_path/Frameworks",
					"@executable_path/../../Frameworks",
				);
				MARKETING_VERSION = 1.0;
				PRODUCT_BUNDLE_IDENTIFIER = Hiroyukiy.Landmarks.watchkitapp.watchkitextension;
				PRODUCT_NAME = "${TARGET_NAME}";
				SDKROOT = watchos;
				SKIP_INSTALL = YES;
				SWIFT_EMIT_LOC_STRINGS = YES;
				SWIFT_VERSION = 5.0;
				TARGETED_DEVICE_FAMILY = 4;
				WATCHOS_DEPLOYMENT_TARGET = 8.5;
			};
			name = Debug;
		};
		2E13EBF428618E8A00275E59 /* Release */ = {
			isa = XCBuildConfiguration;
			buildSettings = {
				ASSETCATALOG_COMPILER_COMPLICATION_NAME = Complication;
				CODE_SIGN_STYLE = Automatic;
				CURRENT_PROJECT_VERSION = 1;
				DEVELOPMENT_ASSET_PATHS = "\"WatchLandmarks WatchKit Extension/Preview Content\"";
				ENABLE_PREVIEWS = YES;
				GENERATE_INFOPLIST_FILE = YES;
				INFOPLIST_FILE = "WatchLandmarks WatchKit Extension/Info.plist";
				INFOPLIST_KEY_CFBundleDisplayName = "WatchLandmarks WatchKit Extension";
				INFOPLIST_KEY_CLKComplicationPrincipalClass = WatchLandmarks_WatchKit_Extension.ComplicationController;
				INFOPLIST_KEY_NSHumanReadableCopyright = "";
				INFOPLIST_KEY_WKRunsIndependentlyOfCompanionApp = YES;
				LD_RUNPATH_SEARCH_PATHS = (
					"$(inherited)",
					"@executable_path/Frameworks",
					"@executable_path/../../Frameworks",
				);
				MARKETING_VERSION = 1.0;
				PRODUCT_BUNDLE_IDENTIFIER = Hiroyukiy.Landmarks.watchkitapp.watchkitextension;
				PRODUCT_NAME = "${TARGET_NAME}";
				SDKROOT = watchos;
				SKIP_INSTALL = YES;
				SWIFT_EMIT_LOC_STRINGS = YES;
				SWIFT_VERSION = 5.0;
				TARGETED_DEVICE_FAMILY = 4;
				WATCHOS_DEPLOYMENT_TARGET = 8.5;
			};
			name = Release;
		};
		2E13EBF528618E8A00275E59 /* Debug */ = {
			isa = XCBuildConfiguration;
			buildSettings = {
				ALWAYS_EMBED_SWIFT_STANDARD_LIBRARIES = YES;
				BUNDLE_LOADER = "$(TEST_HOST)";
				CODE_SIGN_STYLE = Automatic;
				CURRENT_PROJECT_VERSION = 1;
				GENERATE_INFOPLIST_FILE = YES;
				MARKETING_VERSION = 1.0;
				PRODUCT_BUNDLE_IDENTIFIER = Hiroyukiy.Landmarks.WatchLandmarksTests;
				PRODUCT_NAME = "$(TARGET_NAME)";
				SDKROOT = watchos;
				SWIFT_EMIT_LOC_STRINGS = NO;
				SWIFT_VERSION = 5.0;
				TARGETED_DEVICE_FAMILY = 4;
				TEST_HOST = "$(BUILT_PRODUCTS_DIR)/WatchLandmarks WatchKit Extension.appex/WatchLandmarks WatchKit Extension";
				WATCHOS_DEPLOYMENT_TARGET = 8.5;
			};
			name = Debug;
		};
		2E13EBF628618E8A00275E59 /* Release */ = {
			isa = XCBuildConfiguration;
			buildSettings = {
				ALWAYS_EMBED_SWIFT_STANDARD_LIBRARIES = YES;
				BUNDLE_LOADER = "$(TEST_HOST)";
				CODE_SIGN_STYLE = Automatic;
				CURRENT_PROJECT_VERSION = 1;
				GENERATE_INFOPLIST_FILE = YES;
				MARKETING_VERSION = 1.0;
				PRODUCT_BUNDLE_IDENTIFIER = Hiroyukiy.Landmarks.WatchLandmarksTests;
				PRODUCT_NAME = "$(TARGET_NAME)";
				SDKROOT = watchos;
				SWIFT_EMIT_LOC_STRINGS = NO;
				SWIFT_VERSION = 5.0;
				TARGETED_DEVICE_FAMILY = 4;
				TEST_HOST = "$(BUILT_PRODUCTS_DIR)/WatchLandmarks WatchKit Extension.appex/WatchLandmarks WatchKit Extension";
				WATCHOS_DEPLOYMENT_TARGET = 8.5;
			};
			name = Release;
		};
		2E13EBF728618E8A00275E59 /* Debug */ = {
			isa = XCBuildConfiguration;
			buildSettings = {
				CODE_SIGN_STYLE = Automatic;
				CURRENT_PROJECT_VERSION = 1;
				GENERATE_INFOPLIST_FILE = YES;
				MARKETING_VERSION = 1.0;
				PRODUCT_BUNDLE_IDENTIFIER = Hiroyukiy.Landmarks.WatchLandmarksUITests;
				PRODUCT_NAME = "$(TARGET_NAME)";
				SDKROOT = watchos;
				SWIFT_EMIT_LOC_STRINGS = NO;
				SWIFT_VERSION = 5.0;
				TARGETED_DEVICE_FAMILY = 4;
				TEST_TARGET_NAME = WatchLandmarks;
				WATCHOS_DEPLOYMENT_TARGET = 8.5;
			};
			name = Debug;
		};
		2E13EBF828618E8A00275E59 /* Release */ = {
			isa = XCBuildConfiguration;
			buildSettings = {
				CODE_SIGN_STYLE = Automatic;
				CURRENT_PROJECT_VERSION = 1;
				GENERATE_INFOPLIST_FILE = YES;
				MARKETING_VERSION = 1.0;
				PRODUCT_BUNDLE_IDENTIFIER = Hiroyukiy.Landmarks.WatchLandmarksUITests;
				PRODUCT_NAME = "$(TARGET_NAME)";
				SDKROOT = watchos;
				SWIFT_EMIT_LOC_STRINGS = NO;
				SWIFT_VERSION = 5.0;
				TARGETED_DEVICE_FAMILY = 4;
				TEST_TARGET_NAME = WatchLandmarks;
				WATCHOS_DEPLOYMENT_TARGET = 8.5;
			};
			name = Release;
		};
		2E58F2882849D0D200BE7ED6 /* Debug */ = {
			isa = XCBuildConfiguration;
			buildSettings = {
				ALWAYS_SEARCH_USER_PATHS = NO;
				CLANG_ANALYZER_NONNULL = YES;
				CLANG_ANALYZER_NUMBER_OBJECT_CONVERSION = YES_AGGRESSIVE;
				CLANG_CXX_LANGUAGE_STANDARD = "gnu++17";
				CLANG_ENABLE_MODULES = YES;
				CLANG_ENABLE_OBJC_ARC = YES;
				CLANG_ENABLE_OBJC_WEAK = YES;
				CLANG_WARN_BLOCK_CAPTURE_AUTORELEASING = YES;
				CLANG_WARN_BOOL_CONVERSION = YES;
				CLANG_WARN_COMMA = YES;
				CLANG_WARN_CONSTANT_CONVERSION = YES;
				CLANG_WARN_DEPRECATED_OBJC_IMPLEMENTATIONS = YES;
				CLANG_WARN_DIRECT_OBJC_ISA_USAGE = YES_ERROR;
				CLANG_WARN_DOCUMENTATION_COMMENTS = YES;
				CLANG_WARN_EMPTY_BODY = YES;
				CLANG_WARN_ENUM_CONVERSION = YES;
				CLANG_WARN_INFINITE_RECURSION = YES;
				CLANG_WARN_INT_CONVERSION = YES;
				CLANG_WARN_NON_LITERAL_NULL_CONVERSION = YES;
				CLANG_WARN_OBJC_IMPLICIT_RETAIN_SELF = YES;
				CLANG_WARN_OBJC_LITERAL_CONVERSION = YES;
				CLANG_WARN_OBJC_ROOT_CLASS = YES_ERROR;
				CLANG_WARN_QUOTED_INCLUDE_IN_FRAMEWORK_HEADER = YES;
				CLANG_WARN_RANGE_LOOP_ANALYSIS = YES;
				CLANG_WARN_STRICT_PROTOTYPES = YES;
				CLANG_WARN_SUSPICIOUS_MOVE = YES;
				CLANG_WARN_UNGUARDED_AVAILABILITY = YES_AGGRESSIVE;
				CLANG_WARN_UNREACHABLE_CODE = YES;
				CLANG_WARN__DUPLICATE_METHOD_MATCH = YES;
				COPY_PHASE_STRIP = NO;
				DEBUG_INFORMATION_FORMAT = dwarf;
				ENABLE_STRICT_OBJC_MSGSEND = YES;
				ENABLE_TESTABILITY = YES;
				GCC_C_LANGUAGE_STANDARD = gnu11;
				GCC_DYNAMIC_NO_PIC = NO;
				GCC_NO_COMMON_BLOCKS = YES;
				GCC_OPTIMIZATION_LEVEL = 0;
				GCC_PREPROCESSOR_DEFINITIONS = (
					"DEBUG=1",
					"$(inherited)",
				);
				GCC_WARN_64_TO_32_BIT_CONVERSION = YES;
				GCC_WARN_ABOUT_RETURN_TYPE = YES_ERROR;
				GCC_WARN_UNDECLARED_SELECTOR = YES;
				GCC_WARN_UNINITIALIZED_AUTOS = YES_AGGRESSIVE;
				GCC_WARN_UNUSED_FUNCTION = YES;
				GCC_WARN_UNUSED_VARIABLE = YES;
				IPHONEOS_DEPLOYMENT_TARGET = 15.5;
				MTL_ENABLE_DEBUG_INFO = INCLUDE_SOURCE;
				MTL_FAST_MATH = YES;
				ONLY_ACTIVE_ARCH = YES;
				SDKROOT = iphoneos;
				SWIFT_ACTIVE_COMPILATION_CONDITIONS = DEBUG;
				SWIFT_OPTIMIZATION_LEVEL = "-Onone";
			};
			name = Debug;
		};
		2E58F2892849D0D200BE7ED6 /* Release */ = {
			isa = XCBuildConfiguration;
			buildSettings = {
				ALWAYS_SEARCH_USER_PATHS = NO;
				CLANG_ANALYZER_NONNULL = YES;
				CLANG_ANALYZER_NUMBER_OBJECT_CONVERSION = YES_AGGRESSIVE;
				CLANG_CXX_LANGUAGE_STANDARD = "gnu++17";
				CLANG_ENABLE_MODULES = YES;
				CLANG_ENABLE_OBJC_ARC = YES;
				CLANG_ENABLE_OBJC_WEAK = YES;
				CLANG_WARN_BLOCK_CAPTURE_AUTORELEASING = YES;
				CLANG_WARN_BOOL_CONVERSION = YES;
				CLANG_WARN_COMMA = YES;
				CLANG_WARN_CONSTANT_CONVERSION = YES;
				CLANG_WARN_DEPRECATED_OBJC_IMPLEMENTATIONS = YES;
				CLANG_WARN_DIRECT_OBJC_ISA_USAGE = YES_ERROR;
				CLANG_WARN_DOCUMENTATION_COMMENTS = YES;
				CLANG_WARN_EMPTY_BODY = YES;
				CLANG_WARN_ENUM_CONVERSION = YES;
				CLANG_WARN_INFINITE_RECURSION = YES;
				CLANG_WARN_INT_CONVERSION = YES;
				CLANG_WARN_NON_LITERAL_NULL_CONVERSION = YES;
				CLANG_WARN_OBJC_IMPLICIT_RETAIN_SELF = YES;
				CLANG_WARN_OBJC_LITERAL_CONVERSION = YES;
				CLANG_WARN_OBJC_ROOT_CLASS = YES_ERROR;
				CLANG_WARN_QUOTED_INCLUDE_IN_FRAMEWORK_HEADER = YES;
				CLANG_WARN_RANGE_LOOP_ANALYSIS = YES;
				CLANG_WARN_STRICT_PROTOTYPES = YES;
				CLANG_WARN_SUSPICIOUS_MOVE = YES;
				CLANG_WARN_UNGUARDED_AVAILABILITY = YES_AGGRESSIVE;
				CLANG_WARN_UNREACHABLE_CODE = YES;
				CLANG_WARN__DUPLICATE_METHOD_MATCH = YES;
				COPY_PHASE_STRIP = NO;
				DEBUG_INFORMATION_FORMAT = "dwarf-with-dsym";
				ENABLE_NS_ASSERTIONS = NO;
				ENABLE_STRICT_OBJC_MSGSEND = YES;
				GCC_C_LANGUAGE_STANDARD = gnu11;
				GCC_NO_COMMON_BLOCKS = YES;
				GCC_WARN_64_TO_32_BIT_CONVERSION = YES;
				GCC_WARN_ABOUT_RETURN_TYPE = YES_ERROR;
				GCC_WARN_UNDECLARED_SELECTOR = YES;
				GCC_WARN_UNINITIALIZED_AUTOS = YES_AGGRESSIVE;
				GCC_WARN_UNUSED_FUNCTION = YES;
				GCC_WARN_UNUSED_VARIABLE = YES;
				IPHONEOS_DEPLOYMENT_TARGET = 15.5;
				MTL_ENABLE_DEBUG_INFO = NO;
				MTL_FAST_MATH = YES;
				SDKROOT = iphoneos;
				SWIFT_COMPILATION_MODE = wholemodule;
				SWIFT_OPTIMIZATION_LEVEL = "-O";
				VALIDATE_PRODUCT = YES;
			};
			name = Release;
		};
		2E58F28B2849D0D200BE7ED6 /* Debug */ = {
			isa = XCBuildConfiguration;
			buildSettings = {
				ASSETCATALOG_COMPILER_APPICON_NAME = AppIcon;
				ASSETCATALOG_COMPILER_GLOBAL_ACCENT_COLOR_NAME = AccentColor;
				CODE_SIGN_STYLE = Automatic;
				CURRENT_PROJECT_VERSION = 1;
				DEVELOPMENT_ASSET_PATHS = "\"Landmarks/Preview Content\"";
				ENABLE_PREVIEWS = YES;
				GENERATE_INFOPLIST_FILE = YES;
				INFOPLIST_KEY_UIApplicationSceneManifest_Generation = YES;
				INFOPLIST_KEY_UIApplicationSupportsIndirectInputEvents = YES;
				INFOPLIST_KEY_UILaunchScreen_Generation = YES;
				INFOPLIST_KEY_UISupportedInterfaceOrientations_iPad = "UIInterfaceOrientationPortrait UIInterfaceOrientationPortraitUpsideDown UIInterfaceOrientationLandscapeLeft UIInterfaceOrientationLandscapeRight";
				INFOPLIST_KEY_UISupportedInterfaceOrientations_iPhone = "UIInterfaceOrientationPortrait UIInterfaceOrientationLandscapeLeft UIInterfaceOrientationLandscapeRight";
				LD_RUNPATH_SEARCH_PATHS = (
					"$(inherited)",
					"@executable_path/Frameworks",
				);
				MARKETING_VERSION = 1.0;
				PRODUCT_BUNDLE_IDENTIFIER = Hiroyukiy.Landmarks;
				PRODUCT_NAME = "$(TARGET_NAME)";
				SWIFT_EMIT_LOC_STRINGS = YES;
				SWIFT_VERSION = 5.0;
				TARGETED_DEVICE_FAMILY = "1,2";
			};
			name = Debug;
		};
		2E58F28C2849D0D200BE7ED6 /* Release */ = {
			isa = XCBuildConfiguration;
			buildSettings = {
				ASSETCATALOG_COMPILER_APPICON_NAME = AppIcon;
				ASSETCATALOG_COMPILER_GLOBAL_ACCENT_COLOR_NAME = AccentColor;
				CODE_SIGN_STYLE = Automatic;
				CURRENT_PROJECT_VERSION = 1;
				DEVELOPMENT_ASSET_PATHS = "\"Landmarks/Preview Content\"";
				ENABLE_PREVIEWS = YES;
				GENERATE_INFOPLIST_FILE = YES;
				INFOPLIST_KEY_UIApplicationSceneManifest_Generation = YES;
				INFOPLIST_KEY_UIApplicationSupportsIndirectInputEvents = YES;
				INFOPLIST_KEY_UILaunchScreen_Generation = YES;
				INFOPLIST_KEY_UISupportedInterfaceOrientations_iPad = "UIInterfaceOrientationPortrait UIInterfaceOrientationPortraitUpsideDown UIInterfaceOrientationLandscapeLeft UIInterfaceOrientationLandscapeRight";
				INFOPLIST_KEY_UISupportedInterfaceOrientations_iPhone = "UIInterfaceOrientationPortrait UIInterfaceOrientationLandscapeLeft UIInterfaceOrientationLandscapeRight";
				LD_RUNPATH_SEARCH_PATHS = (
					"$(inherited)",
					"@executable_path/Frameworks",
				);
				MARKETING_VERSION = 1.0;
				PRODUCT_BUNDLE_IDENTIFIER = Hiroyukiy.Landmarks;
				PRODUCT_NAME = "$(TARGET_NAME)";
				SWIFT_EMIT_LOC_STRINGS = YES;
				SWIFT_VERSION = 5.0;
				TARGETED_DEVICE_FAMILY = "1,2";
			};
			name = Release;
		};
		2E58F28E2849D0D200BE7ED6 /* Debug */ = {
			isa = XCBuildConfiguration;
			buildSettings = {
				ALWAYS_EMBED_SWIFT_STANDARD_LIBRARIES = YES;
				BUNDLE_LOADER = "$(TEST_HOST)";
				CODE_SIGN_STYLE = Automatic;
				CURRENT_PROJECT_VERSION = 1;
				GENERATE_INFOPLIST_FILE = YES;
				IPHONEOS_DEPLOYMENT_TARGET = 15.5;
				MARKETING_VERSION = 1.0;
				PRODUCT_BUNDLE_IDENTIFIER = Hiroyukiy.LandmarksTests;
				PRODUCT_NAME = "$(TARGET_NAME)";
				SWIFT_EMIT_LOC_STRINGS = NO;
				SWIFT_VERSION = 5.0;
				TARGETED_DEVICE_FAMILY = "1,2";
				TEST_HOST = "$(BUILT_PRODUCTS_DIR)/Landmarks.app/Landmarks";
			};
			name = Debug;
		};
		2E58F28F2849D0D200BE7ED6 /* Release */ = {
			isa = XCBuildConfiguration;
			buildSettings = {
				ALWAYS_EMBED_SWIFT_STANDARD_LIBRARIES = YES;
				BUNDLE_LOADER = "$(TEST_HOST)";
				CODE_SIGN_STYLE = Automatic;
				CURRENT_PROJECT_VERSION = 1;
				GENERATE_INFOPLIST_FILE = YES;
				IPHONEOS_DEPLOYMENT_TARGET = 15.5;
				MARKETING_VERSION = 1.0;
				PRODUCT_BUNDLE_IDENTIFIER = Hiroyukiy.LandmarksTests;
				PRODUCT_NAME = "$(TARGET_NAME)";
				SWIFT_EMIT_LOC_STRINGS = NO;
				SWIFT_VERSION = 5.0;
				TARGETED_DEVICE_FAMILY = "1,2";
				TEST_HOST = "$(BUILT_PRODUCTS_DIR)/Landmarks.app/Landmarks";
			};
			name = Release;
		};
		2E58F2912849D0D200BE7ED6 /* Debug */ = {
			isa = XCBuildConfiguration;
			buildSettings = {
				ALWAYS_EMBED_SWIFT_STANDARD_LIBRARIES = YES;
				CODE_SIGN_STYLE = Automatic;
				CURRENT_PROJECT_VERSION = 1;
				GENERATE_INFOPLIST_FILE = YES;
				MARKETING_VERSION = 1.0;
				PRODUCT_BUNDLE_IDENTIFIER = Hiroyukiy.LandmarksUITests;
				PRODUCT_NAME = "$(TARGET_NAME)";
				SWIFT_EMIT_LOC_STRINGS = NO;
				SWIFT_VERSION = 5.0;
				TARGETED_DEVICE_FAMILY = "1,2";
				TEST_TARGET_NAME = Landmarks;
			};
			name = Debug;
		};
		2E58F2922849D0D200BE7ED6 /* Release */ = {
			isa = XCBuildConfiguration;
			buildSettings = {
				ALWAYS_EMBED_SWIFT_STANDARD_LIBRARIES = YES;
				CODE_SIGN_STYLE = Automatic;
				CURRENT_PROJECT_VERSION = 1;
				GENERATE_INFOPLIST_FILE = YES;
				MARKETING_VERSION = 1.0;
				PRODUCT_BUNDLE_IDENTIFIER = Hiroyukiy.LandmarksUITests;
				PRODUCT_NAME = "$(TARGET_NAME)";
				SWIFT_EMIT_LOC_STRINGS = NO;
				SWIFT_VERSION = 5.0;
				TARGETED_DEVICE_FAMILY = "1,2";
				TEST_TARGET_NAME = Landmarks;
			};
			name = Release;
		};
/* End XCBuildConfiguration section */

/* Begin XCConfigurationList section */
		2E13EBF928618E8A00275E59 /* Build configuration list for PBXNativeTarget "WatchLandmarks WatchKit Extension" */ = {
			isa = XCConfigurationList;
			buildConfigurations = (
				2E13EBF328618E8A00275E59 /* Debug */,
				2E13EBF428618E8A00275E59 /* Release */,
			);
			defaultConfigurationIsVisible = 0;
			defaultConfigurationName = Release;
		};
		2E13EBFA28618E8A00275E59 /* Build configuration list for PBXNativeTarget "WatchLandmarks" */ = {
			isa = XCConfigurationList;
			buildConfigurations = (
				2E13EBF028618E8A00275E59 /* Debug */,
				2E13EBF128618E8A00275E59 /* Release */,
			);
			defaultConfigurationIsVisible = 0;
			defaultConfigurationName = Release;
		};
		2E13EBFB28618E8A00275E59 /* Build configuration list for PBXNativeTarget "WatchLandmarksTests" */ = {
			isa = XCConfigurationList;
			buildConfigurations = (
				2E13EBF528618E8A00275E59 /* Debug */,
				2E13EBF628618E8A00275E59 /* Release */,
			);
			defaultConfigurationIsVisible = 0;
			defaultConfigurationName = Release;
		};
		2E13EBFC28618E8A00275E59 /* Build configuration list for PBXNativeTarget "WatchLandmarksUITests" */ = {
			isa = XCConfigurationList;
			buildConfigurations = (
				2E13EBF728618E8A00275E59 /* Debug */,
				2E13EBF828618E8A00275E59 /* Release */,
			);
			defaultConfigurationIsVisible = 0;
			defaultConfigurationName = Release;
		};
		2E58F2612849D0CD00BE7ED6 /* Build configuration list for PBXProject "Landmarks" */ = {
			isa = XCConfigurationList;
			buildConfigurations = (
				2E58F2882849D0D200BE7ED6 /* Debug */,
				2E58F2892849D0D200BE7ED6 /* Release */,
			);
			defaultConfigurationIsVisible = 0;
			defaultConfigurationName = Release;
		};
		2E58F28A2849D0D200BE7ED6 /* Build configuration list for PBXNativeTarget "Landmarks" */ = {
			isa = XCConfigurationList;
			buildConfigurations = (
				2E58F28B2849D0D200BE7ED6 /* Debug */,
				2E58F28C2849D0D200BE7ED6 /* Release */,
			);
			defaultConfigurationIsVisible = 0;
			defaultConfigurationName = Release;
		};
		2E58F28D2849D0D200BE7ED6 /* Build configuration list for PBXNativeTarget "LandmarksTests" */ = {
			isa = XCConfigurationList;
			buildConfigurations = (
				2E58F28E2849D0D200BE7ED6 /* Debug */,
				2E58F28F2849D0D200BE7ED6 /* Release */,
			);
			defaultConfigurationIsVisible = 0;
			defaultConfigurationName = Release;
		};
		2E58F2902849D0D200BE7ED6 /* Build configuration list for PBXNativeTarget "LandmarksUITests" */ = {
			isa = XCConfigurationList;
			buildConfigurations = (
				2E58F2912849D0D200BE7ED6 /* Debug */,
				2E58F2922849D0D200BE7ED6 /* Release */,
			);
			defaultConfigurationIsVisible = 0;
			defaultConfigurationName = Release;
		};
/* End XCConfigurationList section */
	};
	rootObject = 2E58F25E2849D0CD00BE7ED6 /* Project object */;
}
