// !$*UTF8*$!
{
	archiveVersion = 1;
	classes = {
	};
	objectVersion = 55;
	objects = {

/* Begin PBXBuildFile section */
		2E4E84FF2857145A002F9623 /* LandmarkRow.swift in Sources */ = {isa = PBXBuildFile; fileRef = 2E4E84FE2857145A002F9623 /* LandmarkRow.swift */; };
		2E4E8501285720C6002F9623 /* LandmarkList.swift in Sources */ = {isa = PBXBuildFile; fileRef = 2E4E8500285720C6002F9623 /* LandmarkList.swift */; };
		2E4E85032857289C002F9623 /* LandmarkDetail.swift in Sources */ = {isa = PBXBuildFile; fileRef = 2E4E85022857289C002F9623 /* LandmarkDetail.swift */; };
		2E58F26A2849D0CD00BE7ED6 /* LandmarksApp.swift in Sources */ = {isa = PBXBuildFile; fileRef = 2E58F2692849D0CD00BE7ED6 /* LandmarksApp.swift */; };
		2E58F26C2849D0CD00BE7ED6 /* ContentView.swift in Sources */ = {isa = PBXBuildFile; fileRef = 2E58F26B2849D0CD00BE7ED6 /* ContentView.swift */; };
		2E58F26E2849D0D200BE7ED6 /* Assets.xcassets in Resources */ = {isa = PBXBuildFile; fileRef = 2E58F26D2849D0D200BE7ED6 /* Assets.xcassets */; };
		2E58F2712849D0D200BE7ED6 /* Preview Assets.xcassets in Resources */ = {isa = PBXBuildFile; fileRef = 2E58F2702849D0D200BE7ED6 /* Preview Assets.xcassets */; };
		2E58F27B2849D0D200BE7ED6 /* LandmarksTests.swift in Sources */ = {isa = PBXBuildFile; fileRef = 2E58F27A2849D0D200BE7ED6 /* LandmarksTests.swift */; };
		2E58F2852849D0D200BE7ED6 /* LandmarksUITests.swift in Sources */ = {isa = PBXBuildFile; fileRef = 2E58F2842849D0D200BE7ED6 /* LandmarksUITests.swift */; };
		2E58F2872849D0D200BE7ED6 /* LandmarksUITestsLaunchTests.swift in Sources */ = {isa = PBXBuildFile; fileRef = 2E58F2862849D0D200BE7ED6 /* LandmarksUITestsLaunchTests.swift */; };
		2E58F2A42849EC0C00BE7ED6 /* charleyrivers.jpg in Resources */ = {isa = PBXBuildFile; fileRef = 2E58F2962849EC0C00BE7ED6 /* charleyrivers.jpg */; };
		2E58F2A52849EC0C00BE7ED6 /* turtlerock.jpg in Resources */ = {isa = PBXBuildFile; fileRef = 2E58F2972849EC0C00BE7ED6 /* turtlerock.jpg */; };
		2E58F2A62849EC0C00BE7ED6 /* silversalmoncreek.jpg in Resources */ = {isa = PBXBuildFile; fileRef = 2E58F2982849EC0C00BE7ED6 /* silversalmoncreek.jpg */; };
		2E58F2A72849EC0C00BE7ED6 /* hikeData.json in Resources */ = {isa = PBXBuildFile; fileRef = 2E58F2992849EC0C00BE7ED6 /* hikeData.json */; };
		2E58F2A82849EC0C00BE7ED6 /* icybay.jpg in Resources */ = {isa = PBXBuildFile; fileRef = 2E58F29A2849EC0C00BE7ED6 /* icybay.jpg */; };
		2E58F2A92849EC0C00BE7ED6 /* lakemcdonald.jpg in Resources */ = {isa = PBXBuildFile; fileRef = 2E58F29B2849EC0C00BE7ED6 /* lakemcdonald.jpg */; };
		2E58F2AA2849EC0C00BE7ED6 /* hiddenlake.jpg in Resources */ = {isa = PBXBuildFile; fileRef = 2E58F29C2849EC0C00BE7ED6 /* hiddenlake.jpg */; };
		2E58F2AB2849EC0C00BE7ED6 /* twinlake.jpg in Resources */ = {isa = PBXBuildFile; fileRef = 2E58F29D2849EC0C00BE7ED6 /* twinlake.jpg */; };
		2E58F2AC2849EC0C00BE7ED6 /* umbagog.jpg in Resources */ = {isa = PBXBuildFile; fileRef = 2E58F29E2849EC0C00BE7ED6 /* umbagog.jpg */; };
		2E58F2AE2849EC0C00BE7ED6 /* chincoteague.jpg in Resources */ = {isa = PBXBuildFile; fileRef = 2E58F2A02849EC0C00BE7ED6 /* chincoteague.jpg */; };
		2E58F2AF2849EC0C00BE7ED6 /* stmarylake.jpg in Resources */ = {isa = PBXBuildFile; fileRef = 2E58F2A12849EC0C00BE7ED6 /* stmarylake.jpg */; };
		2E58F2B02849EC0C00BE7ED6 /* chilkoottrail.jpg in Resources */ = {isa = PBXBuildFile; fileRef = 2E58F2A22849EC0C00BE7ED6 /* chilkoottrail.jpg */; };
		2E58F2B12849EC0C00BE7ED6 /* rainbowlake.jpg in Resources */ = {isa = PBXBuildFile; fileRef = 2E58F2A32849EC0C00BE7ED6 /* rainbowlake.jpg */; };
		2E58F2B32849EE3E00BE7ED6 /* CircleImage.swift in Sources */ = {isa = PBXBuildFile; fileRef = 2E58F2B22849EE3E00BE7ED6 /* CircleImage.swift */; };
		2E58F2B72849F55600BE7ED6 /* MapView.swift in Sources */ = {isa = PBXBuildFile; fileRef = 2E58F2B62849F55600BE7ED6 /* MapView.swift */; };
		2ECF7E962856F350008EB9AE /* Landmark.swift in Sources */ = {isa = PBXBuildFile; fileRef = 2ECF7E952856F350008EB9AE /* Landmark.swift */; };
		2ECF7E982856FBB6008EB9AE /* ModelData.swift in Sources */ = {isa = PBXBuildFile; fileRef = 2ECF7E972856FBB6008EB9AE /* ModelData.swift */; };
/* End PBXBuildFile section */

/* Begin PBXContainerItemProxy section */
		2E58F2772849D0D200BE7ED6 /* PBXContainerItemProxy */ = {
			isa = PBXContainerItemProxy;
			containerPortal = 2E58F25E2849D0CD00BE7ED6 /* Project object */;
			proxyType = 1;
			remoteGlobalIDString = 2E58F2652849D0CD00BE7ED6;
			remoteInfo = Landmarks;
		};
		2E58F2812849D0D200BE7ED6 /* PBXContainerItemProxy */ = {
			isa = PBXContainerItemProxy;
			containerPortal = 2E58F25E2849D0CD00BE7ED6 /* Project object */;
			proxyType = 1;
			remoteGlobalIDString = 2E58F2652849D0CD00BE7ED6;
			remoteInfo = Landmarks;
		};
/* End PBXContainerItemProxy section */

/* Begin PBXFileReference section */
		2E4E84FE2857145A002F9623 /* LandmarkRow.swift */ = {isa = PBXFileReference; lastKnownFileType = sourcecode.swift; path = LandmarkRow.swift; sourceTree = "<group>"; };
		2E4E8500285720C6002F9623 /* LandmarkList.swift */ = {isa = PBXFileReference; lastKnownFileType = sourcecode.swift; path = LandmarkList.swift; sourceTree = "<group>"; };
		2E4E85022857289C002F9623 /* LandmarkDetail.swift */ = {isa = PBXFileReference; lastKnownFileType = sourcecode.swift; path = LandmarkDetail.swift; sourceTree = "<group>"; };
		2E58F2662849D0CD00BE7ED6 /* Landmarks.app */ = {isa = PBXFileReference; explicitFileType = wrapper.application; includeInIndex = 0; path = Landmarks.app; sourceTree = BUILT_PRODUCTS_DIR; };
		2E58F2692849D0CD00BE7ED6 /* LandmarksApp.swift */ = {isa = PBXFileReference; lastKnownFileType = sourcecode.swift; path = LandmarksApp.swift; sourceTree = "<group>"; };
		2E58F26B2849D0CD00BE7ED6 /* ContentView.swift */ = {isa = PBXFileReference; lastKnownFileType = sourcecode.swift; path = ContentView.swift; sourceTree = "<group>"; };
		2E58F26D2849D0D200BE7ED6 /* Assets.xcassets */ = {isa = PBXFileReference; lastKnownFileType = folder.assetcatalog; path = Assets.xcassets; sourceTree = "<group>"; };
		2E58F2702849D0D200BE7ED6 /* Preview Assets.xcassets */ = {isa = PBXFileReference; lastKnownFileType = folder.assetcatalog; path = "Preview Assets.xcassets"; sourceTree = "<group>"; };
		2E58F2762849D0D200BE7ED6 /* LandmarksTests.xctest */ = {isa = PBXFileReference; explicitFileType = wrapper.cfbundle; includeInIndex = 0; path = LandmarksTests.xctest; sourceTree = BUILT_PRODUCTS_DIR; };
		2E58F27A2849D0D200BE7ED6 /* LandmarksTests.swift */ = {isa = PBXFileReference; lastKnownFileType = sourcecode.swift; path = LandmarksTests.swift; sourceTree = "<group>"; };
		2E58F2802849D0D200BE7ED6 /* LandmarksUITests.xctest */ = {isa = PBXFileReference; explicitFileType = wrapper.cfbundle; includeInIndex = 0; path = LandmarksUITests.xctest; sourceTree = BUILT_PRODUCTS_DIR; };
		2E58F2842849D0D200BE7ED6 /* LandmarksUITests.swift */ = {isa = PBXFileReference; lastKnownFileType = sourcecode.swift; path = LandmarksUITests.swift; sourceTree = "<group>"; };
		2E58F2862849D0D200BE7ED6 /* LandmarksUITestsLaunchTests.swift */ = {isa = PBXFileReference; lastKnownFileType = sourcecode.swift; path = LandmarksUITestsLaunchTests.swift; sourceTree = "<group>"; };
		2E58F2962849EC0C00BE7ED6 /* charleyrivers.jpg */ = {isa = PBXFileReference; lastKnownFileType = image.jpeg; path = charleyrivers.jpg; sourceTree = "<group>"; };
		2E58F2972849EC0C00BE7ED6 /* turtlerock.jpg */ = {isa = PBXFileReference; lastKnownFileType = image.jpeg; path = turtlerock.jpg; sourceTree = "<group>"; };
		2E58F2982849EC0C00BE7ED6 /* silversalmoncreek.jpg */ = {isa = PBXFileReference; lastKnownFileType = image.jpeg; path = silversalmoncreek.jpg; sourceTree = "<group>"; };
		2E58F2992849EC0C00BE7ED6 /* hikeData.json */ = {isa = PBXFileReference; fileEncoding = 4; lastKnownFileType = text.json; path = hikeData.json; sourceTree = "<group>"; };
		2E58F29A2849EC0C00BE7ED6 /* icybay.jpg */ = {isa = PBXFileReference; lastKnownFileType = image.jpeg; path = icybay.jpg; sourceTree = "<group>"; };
		2E58F29B2849EC0C00BE7ED6 /* lakemcdonald.jpg */ = {isa = PBXFileReference; lastKnownFileType = image.jpeg; path = lakemcdonald.jpg; sourceTree = "<group>"; };
		2E58F29C2849EC0C00BE7ED6 /* hiddenlake.jpg */ = {isa = PBXFileReference; lastKnownFileType = image.jpeg; path = hiddenlake.jpg; sourceTree = "<group>"; };
		2E58F29D2849EC0C00BE7ED6 /* twinlake.jpg */ = {isa = PBXFileReference; lastKnownFileType = image.jpeg; path = twinlake.jpg; sourceTree = "<group>"; };
		2E58F29E2849EC0C00BE7ED6 /* umbagog.jpg */ = {isa = PBXFileReference; lastKnownFileType = image.jpeg; path = umbagog.jpg; sourceTree = "<group>"; };
		2E58F2A02849EC0C00BE7ED6 /* chincoteague.jpg */ = {isa = PBXFileReference; lastKnownFileType = image.jpeg; path = chincoteague.jpg; sourceTree = "<group>"; };
		2E58F2A12849EC0C00BE7ED6 /* stmarylake.jpg */ = {isa = PBXFileReference; lastKnownFileType = image.jpeg; path = stmarylake.jpg; sourceTree = "<group>"; };
		2E58F2A22849EC0C00BE7ED6 /* chilkoottrail.jpg */ = {isa = PBXFileReference; lastKnownFileType = image.jpeg; path = chilkoottrail.jpg; sourceTree = "<group>"; };
		2E58F2A32849EC0C00BE7ED6 /* rainbowlake.jpg */ = {isa = PBXFileReference; lastKnownFileType = image.jpeg; path = rainbowlake.jpg; sourceTree = "<group>"; };
		2E58F2B22849EE3E00BE7ED6 /* CircleImage.swift */ = {isa = PBXFileReference; lastKnownFileType = sourcecode.swift; path = CircleImage.swift; sourceTree = "<group>"; };
		2E58F2B62849F55600BE7ED6 /* MapView.swift */ = {isa = PBXFileReference; lastKnownFileType = sourcecode.swift; path = MapView.swift; sourceTree = "<group>"; };
		2ECF7E952856F350008EB9AE /* Landmark.swift */ = {isa = PBXFileReference; lastKnownFileType = sourcecode.swift; path = Landmark.swift; sourceTree = "<group>"; };
		2ECF7E972856FBB6008EB9AE /* ModelData.swift */ = {isa = PBXFileReference; lastKnownFileType = sourcecode.swift; path = ModelData.swift; sourceTree = "<group>"; };
		2ECF7E9C28570121008EB9AE /* landmarkData.json */ = {isa = PBXFileReference; lastKnownFileType = text.json; path = landmarkData.json; sourceTree = "<group>"; };
/* End PBXFileReference section */

/* Begin PBXFrameworksBuildPhase section */
		2E58F2632849D0CD00BE7ED6 /* Frameworks */ = {
			isa = PBXFrameworksBuildPhase;
			buildActionMask = 2147483647;
			files = (
			);
			runOnlyForDeploymentPostprocessing = 0;
		};
		2E58F2732849D0D200BE7ED6 /* Frameworks */ = {
			isa = PBXFrameworksBuildPhase;
			buildActionMask = 2147483647;
			files = (
			);
			runOnlyForDeploymentPostprocessing = 0;
		};
		2E58F27D2849D0D200BE7ED6 /* Frameworks */ = {
			isa = PBXFrameworksBuildPhase;
			buildActionMask = 2147483647;
			files = (
			);
			runOnlyForDeploymentPostprocessing = 0;
		};
/* End PBXFrameworksBuildPhase section */

/* Begin PBXGroup section */
		2E58F25D2849D0CD00BE7ED6 = {
			isa = PBXGroup;
			children = (
				2E58F2952849EC0C00BE7ED6 /* Resources */,
				2E58F2682849D0CD00BE7ED6 /* Landmarks */,
				2E58F2792849D0D200BE7ED6 /* LandmarksTests */,
				2E58F2832849D0D200BE7ED6 /* LandmarksUITests */,
				2E58F2672849D0CD00BE7ED6 /* Products */,
			);
			sourceTree = "<group>";
		};
		2E58F2672849D0CD00BE7ED6 /* Products */ = {
			isa = PBXGroup;
			children = (
				2E58F2662849D0CD00BE7ED6 /* Landmarks.app */,
				2E58F2762849D0D200BE7ED6 /* LandmarksTests.xctest */,
				2E58F2802849D0D200BE7ED6 /* LandmarksUITests.xctest */,
			);
			name = Products;
			sourceTree = "<group>";
		};
		2E58F2682849D0CD00BE7ED6 /* Landmarks */ = {
			isa = PBXGroup;
			children = (
				2E58F2692849D0CD00BE7ED6 /* LandmarksApp.swift */,
				2ECF7E9A2856FFB1008EB9AE /* Views */,
				2ECF7E9D2857018C008EB9AE /* Model */,
				2ECF7E9B28570121008EB9AE /* Resources */,
				2E58F26D2849D0D200BE7ED6 /* Assets.xcassets */,
				2E58F26F2849D0D200BE7ED6 /* Preview Content */,
			);
			path = Landmarks;
			sourceTree = "<group>";
		};
		2E58F26F2849D0D200BE7ED6 /* Preview Content */ = {
			isa = PBXGroup;
			children = (
				2E58F2702849D0D200BE7ED6 /* Preview Assets.xcassets */,
			);
			path = "Preview Content";
			sourceTree = "<group>";
		};
		2E58F2792849D0D200BE7ED6 /* LandmarksTests */ = {
			isa = PBXGroup;
			children = (
				2E58F27A2849D0D200BE7ED6 /* LandmarksTests.swift */,
			);
			path = LandmarksTests;
			sourceTree = "<group>";
		};
		2E58F2832849D0D200BE7ED6 /* LandmarksUITests */ = {
			isa = PBXGroup;
			children = (
				2E58F2842849D0D200BE7ED6 /* LandmarksUITests.swift */,
				2E58F2862849D0D200BE7ED6 /* LandmarksUITestsLaunchTests.swift */,
			);
			path = LandmarksUITests;
			sourceTree = "<group>";
		};
		2E58F2952849EC0C00BE7ED6 /* Resources */ = {
			isa = PBXGroup;
			children = (
				2E58F2962849EC0C00BE7ED6 /* charleyrivers.jpg */,
				2E58F2972849EC0C00BE7ED6 /* turtlerock.jpg */,
				2E58F2982849EC0C00BE7ED6 /* silversalmoncreek.jpg */,
				2E58F29A2849EC0C00BE7ED6 /* icybay.jpg */,
				2E58F29B2849EC0C00BE7ED6 /* lakemcdonald.jpg */,
				2E58F29C2849EC0C00BE7ED6 /* hiddenlake.jpg */,
				2E58F29D2849EC0C00BE7ED6 /* twinlake.jpg */,
				2E58F29E2849EC0C00BE7ED6 /* umbagog.jpg */,
				2E58F2A02849EC0C00BE7ED6 /* chincoteague.jpg */,
				2E58F2A12849EC0C00BE7ED6 /* stmarylake.jpg */,
				2E58F2A22849EC0C00BE7ED6 /* chilkoottrail.jpg */,
				2E58F2A32849EC0C00BE7ED6 /* rainbowlake.jpg */,
				2E58F2992849EC0C00BE7ED6 /* hikeData.json */,
			);
			path = Resources;
			sourceTree = "<group>";
		};
		2ECF7E9A2856FFB1008EB9AE /* Views */ = {
			isa = PBXGroup;
			children = (
				2E58F26B2849D0CD00BE7ED6 /* ContentView.swift */,
				2E58F2B62849F55600BE7ED6 /* MapView.swift */,
				2E58F2B22849EE3E00BE7ED6 /* CircleImage.swift */,
				2E4E84FE2857145A002F9623 /* LandmarkRow.swift */,
				2E4E8500285720C6002F9623 /* LandmarkList.swift */,
				2E4E85022857289C002F9623 /* LandmarkDetail.swift */,
			);
			path = Views;
			sourceTree = "<group>";
		};
		2ECF7E9B28570121008EB9AE /* Resources */ = {
			isa = PBXGroup;
			children = (
				2ECF7E9C28570121008EB9AE /* landmarkData.json */,
			);
			path = Resources;
			sourceTree = "<group>";
		};
		2ECF7E9D2857018C008EB9AE /* Model */ = {
			isa = PBXGroup;
			children = (
				2ECF7E952856F350008EB9AE /* Landmark.swift */,
				2ECF7E972856FBB6008EB9AE /* ModelData.swift */,
			);
			path = Model;
			sourceTree = "<group>";
		};
/* End PBXGroup section */

/* Begin PBXNativeTarget section */
		2E58F2652849D0CD00BE7ED6 /* Landmarks */ = {
			isa = PBXNativeTarget;
			buildConfigurationList = 2E58F28A2849D0D200BE7ED6 /* Build configuration list for PBXNativeTarget "Landmarks" */;
			buildPhases = (
				2E58F2622849D0CD00BE7ED6 /* Sources */,
				2E58F2632849D0CD00BE7ED6 /* Frameworks */,
				2E58F2642849D0CD00BE7ED6 /* Resources */,
			);
			buildRules = (
			);
			dependencies = (
			);
			name = Landmarks;
			productName = Landmarks;
			productReference = 2E58F2662849D0CD00BE7ED6 /* Landmarks.app */;
			productType = "com.apple.product-type.application";
		};
		2E58F2752849D0D200BE7ED6 /* LandmarksTests */ = {
			isa = PBXNativeTarget;
			buildConfigurationList = 2E58F28D2849D0D200BE7ED6 /* Build configuration list for PBXNativeTarget "LandmarksTests" */;
			buildPhases = (
				2E58F2722849D0D200BE7ED6 /* Sources */,
				2E58F2732849D0D200BE7ED6 /* Frameworks */,
				2E58F2742849D0D200BE7ED6 /* Resources */,
			);
			buildRules = (
			);
			dependencies = (
				2E58F2782849D0D200BE7ED6 /* PBXTargetDependency */,
			);
			name = LandmarksTests;
			productName = LandmarksTests;
			productReference = 2E58F2762849D0D200BE7ED6 /* LandmarksTests.xctest */;
			productType = "com.apple.product-type.bundle.unit-test";
		};
		2E58F27F2849D0D200BE7ED6 /* LandmarksUITests */ = {
			isa = PBXNativeTarget;
			buildConfigurationList = 2E58F2902849D0D200BE7ED6 /* Build configuration list for PBXNativeTarget "LandmarksUITests" */;
			buildPhases = (
				2E58F27C2849D0D200BE7ED6 /* Sources */,
				2E58F27D2849D0D200BE7ED6 /* Frameworks */,
				2E58F27E2849D0D200BE7ED6 /* Resources */,
			);
			buildRules = (
			);
			dependencies = (
				2E58F2822849D0D200BE7ED6 /* PBXTargetDependency */,
			);
			name = LandmarksUITests;
			productName = LandmarksUITests;
			productReference = 2E58F2802849D0D200BE7ED6 /* LandmarksUITests.xctest */;
			productType = "com.apple.product-type.bundle.ui-testing";
		};
/* End PBXNativeTarget section */

/* Begin PBXProject section */
		2E58F25E2849D0CD00BE7ED6 /* Project object */ = {
			isa = PBXProject;
			attributes = {
				BuildIndependentTargetsInParallel = 1;
				LastSwiftUpdateCheck = 1340;
				LastUpgradeCheck = 1340;
				TargetAttributes = {
					2E58F2652849D0CD00BE7ED6 = {
						CreatedOnToolsVersion = 13.4;
					};
					2E58F2752849D0D200BE7ED6 = {
						CreatedOnToolsVersion = 13.4;
						TestTargetID = 2E58F2652849D0CD00BE7ED6;
					};
					2E58F27F2849D0D200BE7ED6 = {
						CreatedOnToolsVersion = 13.4;
						TestTargetID = 2E58F2652849D0CD00BE7ED6;
					};
				};
			};
			buildConfigurationList = 2E58F2612849D0CD00BE7ED6 /* Build configuration list for PBXProject "Landmarks" */;
			compatibilityVersion = "Xcode 13.0";
			developmentRegion = en;
			hasScannedForEncodings = 0;
			knownRegions = (
				en,
				Base,
			);
			mainGroup = 2E58F25D2849D0CD00BE7ED6;
			productRefGroup = 2E58F2672849D0CD00BE7ED6 /* Products */;
			projectDirPath = "";
			projectRoot = "";
			targets = (
				2E58F2652849D0CD00BE7ED6 /* Landmarks */,
				2E58F2752849D0D200BE7ED6 /* LandmarksTests */,
				2E58F27F2849D0D200BE7ED6 /* LandmarksUITests */,
			);
		};
/* End PBXProject section */

/* Begin PBXResourcesBuildPhase section */
		2E58F2642849D0CD00BE7ED6 /* Resources */ = {
			isa = PBXResourcesBuildPhase;
			buildActionMask = 2147483647;
			files = (
				2E58F2A62849EC0C00BE7ED6 /* silversalmoncreek.jpg in Resources */,
				2E58F2A52849EC0C00BE7ED6 /* turtlerock.jpg in Resources */,
				2E58F2A42849EC0C00BE7ED6 /* charleyrivers.jpg in Resources */,
				2E58F2712849D0D200BE7ED6 /* Preview Assets.xcassets in Resources */,
				2E58F2A72849EC0C00BE7ED6 /* hikeData.json in Resources */,
				2E58F2AE2849EC0C00BE7ED6 /* chincoteague.jpg in Resources */,
				2E58F2AF2849EC0C00BE7ED6 /* stmarylake.jpg in Resources */,
				2E58F2A82849EC0C00BE7ED6 /* icybay.jpg in Resources */,
				2E58F2AB2849EC0C00BE7ED6 /* twinlake.jpg in Resources */,
				2E58F2A92849EC0C00BE7ED6 /* lakemcdonald.jpg in Resources */,
				2E58F2AA2849EC0C00BE7ED6 /* hiddenlake.jpg in Resources */,
				2E58F2AC2849EC0C00BE7ED6 /* umbagog.jpg in Resources */,
				2E58F2B12849EC0C00BE7ED6 /* rainbowlake.jpg in Resources */,
				2E58F2B02849EC0C00BE7ED6 /* chilkoottrail.jpg in Resources */,
				2E58F26E2849D0D200BE7ED6 /* Assets.xcassets in Resources */,
			);
			runOnlyForDeploymentPostprocessing = 0;
		};
		2E58F2742849D0D200BE7ED6 /* Resources */ = {
			isa = PBXResourcesBuildPhase;
			buildActionMask = 2147483647;
			files = (
			);
			runOnlyForDeploymentPostprocessing = 0;
		};
		2E58F27E2849D0D200BE7ED6 /* Resources */ = {
			isa = PBXResourcesBuildPhase;
			buildActionMask = 2147483647;
			files = (
			);
			runOnlyForDeploymentPostprocessing = 0;
		};
/* End PBXResourcesBuildPhase section */

/* Begin PBXSourcesBuildPhase section */
		2E58F2622849D0CD00BE7ED6 /* Sources */ = {
			isa = PBXSourcesBuildPhase;
			buildActionMask = 2147483647;
			files = (
				2E58F26C2849D0CD00BE7ED6 /* ContentView.swift in Sources */,
				2E58F2B72849F55600BE7ED6 /* MapView.swift in Sources */,
				2E58F26A2849D0CD00BE7ED6 /* LandmarksApp.swift in Sources */,
				2E4E8501285720C6002F9623 /* LandmarkList.swift in Sources */,
				2E4E85032857289C002F9623 /* LandmarkDetail.swift in Sources */,
				2E58F2B32849EE3E00BE7ED6 /* CircleImage.swift in Sources */,
				2ECF7E962856F350008EB9AE /* Landmark.swift in Sources */,
				2E4E84FF2857145A002F9623 /* LandmarkRow.swift in Sources */,
				2ECF7E982856FBB6008EB9AE /* ModelData.swift in Sources */,
			);
			runOnlyForDeploymentPostprocessing = 0;
		};
		2E58F2722849D0D200BE7ED6 /* Sources */ = {
			isa = PBXSourcesBuildPhase;
			buildActionMask = 2147483647;
			files = (
				2E58F27B2849D0D200BE7ED6 /* LandmarksTests.swift in Sources */,
			);
			runOnlyForDeploymentPostprocessing = 0;
		};
		2E58F27C2849D0D200BE7ED6 /* Sources */ = {
			isa = PBXSourcesBuildPhase;
			buildActionMask = 2147483647;
			files = (
				2E58F2872849D0D200BE7ED6 /* LandmarksUITestsLaunchTests.swift in Sources */,
				2E58F2852849D0D200BE7ED6 /* LandmarksUITests.swift in Sources */,
			);
			runOnlyForDeploymentPostprocessing = 0;
		};
/* End PBXSourcesBuildPhase section */

/* Begin PBXTargetDependency section */
		2E58F2782849D0D200BE7ED6 /* PBXTargetDependency */ = {
			isa = PBXTargetDependency;
			target = 2E58F2652849D0CD00BE7ED6 /* Landmarks */;
			targetProxy = 2E58F2772849D0D200BE7ED6 /* PBXContainerItemProxy */;
		};
		2E58F2822849D0D200BE7ED6 /* PBXTargetDependency */ = {
			isa = PBXTargetDependency;
			target = 2E58F2652849D0CD00BE7ED6 /* Landmarks */;
			targetProxy = 2E58F2812849D0D200BE7ED6 /* PBXContainerItemProxy */;
		};
/* End PBXTargetDependency section */

/* Begin XCBuildConfiguration section */
		2E58F2882849D0D200BE7ED6 /* Debug */ = {
			isa = XCBuildConfiguration;
			buildSettings = {
				ALWAYS_SEARCH_USER_PATHS = NO;
				CLANG_ANALYZER_NONNULL = YES;
				CLANG_ANALYZER_NUMBER_OBJECT_CONVERSION = YES_AGGRESSIVE;
				CLANG_CXX_LANGUAGE_STANDARD = "gnu++17";
				CLANG_ENABLE_MODULES = YES;
				CLANG_ENABLE_OBJC_ARC = YES;
				CLANG_ENABLE_OBJC_WEAK = YES;
				CLANG_WARN_BLOCK_CAPTURE_AUTORELEASING = YES;
				CLANG_WARN_BOOL_CONVERSION = YES;
				CLANG_WARN_COMMA = YES;
				CLANG_WARN_CONSTANT_CONVERSION = YES;
				CLANG_WARN_DEPRECATED_OBJC_IMPLEMENTATIONS = YES;
				CLANG_WARN_DIRECT_OBJC_ISA_USAGE = YES_ERROR;
				CLANG_WARN_DOCUMENTATION_COMMENTS = YES;
				CLANG_WARN_EMPTY_BODY = YES;
				CLANG_WARN_ENUM_CONVERSION = YES;
				CLANG_WARN_INFINITE_RECURSION = YES;
				CLANG_WARN_INT_CONVERSION = YES;
				CLANG_WARN_NON_LITERAL_NULL_CONVERSION = YES;
				CLANG_WARN_OBJC_IMPLICIT_RETAIN_SELF = YES;
				CLANG_WARN_OBJC_LITERAL_CONVERSION = YES;
				CLANG_WARN_OBJC_ROOT_CLASS = YES_ERROR;
				CLANG_WARN_QUOTED_INCLUDE_IN_FRAMEWORK_HEADER = YES;
				CLANG_WARN_RANGE_LOOP_ANALYSIS = YES;
				CLANG_WARN_STRICT_PROTOTYPES = YES;
				CLANG_WARN_SUSPICIOUS_MOVE = YES;
				CLANG_WARN_UNGUARDED_AVAILABILITY = YES_AGGRESSIVE;
				CLANG_WARN_UNREACHABLE_CODE = YES;
				CLANG_WARN__DUPLICATE_METHOD_MATCH = YES;
				COPY_PHASE_STRIP = NO;
				DEBUG_INFORMATION_FORMAT = dwarf;
				ENABLE_STRICT_OBJC_MSGSEND = YES;
				ENABLE_TESTABILITY = YES;
				GCC_C_LANGUAGE_STANDARD = gnu11;
				GCC_DYNAMIC_NO_PIC = NO;
				GCC_NO_COMMON_BLOCKS = YES;
				GCC_OPTIMIZATION_LEVEL = 0;
				GCC_PREPROCESSOR_DEFINITIONS = (
					"DEBUG=1",
					"$(inherited)",
				);
				GCC_WARN_64_TO_32_BIT_CONVERSION = YES;
				GCC_WARN_ABOUT_RETURN_TYPE = YES_ERROR;
				GCC_WARN_UNDECLARED_SELECTOR = YES;
				GCC_WARN_UNINITIALIZED_AUTOS = YES_AGGRESSIVE;
				GCC_WARN_UNUSED_FUNCTION = YES;
				GCC_WARN_UNUSED_VARIABLE = YES;
				IPHONEOS_DEPLOYMENT_TARGET = 15.5;
				MTL_ENABLE_DEBUG_INFO = INCLUDE_SOURCE;
				MTL_FAST_MATH = YES;
				ONLY_ACTIVE_ARCH = YES;
				SDKROOT = iphoneos;
				SWIFT_ACTIVE_COMPILATION_CONDITIONS = DEBUG;
				SWIFT_OPTIMIZATION_LEVEL = "-Onone";
			};
			name = Debug;
		};
		2E58F2892849D0D200BE7ED6 /* Release */ = {
			isa = XCBuildConfiguration;
			buildSettings = {
				ALWAYS_SEARCH_USER_PATHS = NO;
				CLANG_ANALYZER_NONNULL = YES;
				CLANG_ANALYZER_NUMBER_OBJECT_CONVERSION = YES_AGGRESSIVE;
				CLANG_CXX_LANGUAGE_STANDARD = "gnu++17";
				CLANG_ENABLE_MODULES = YES;
				CLANG_ENABLE_OBJC_ARC = YES;
				CLANG_ENABLE_OBJC_WEAK = YES;
				CLANG_WARN_BLOCK_CAPTURE_AUTORELEASING = YES;
				CLANG_WARN_BOOL_CONVERSION = YES;
				CLANG_WARN_COMMA = YES;
				CLANG_WARN_CONSTANT_CONVERSION = YES;
				CLANG_WARN_DEPRECATED_OBJC_IMPLEMENTATIONS = YES;
				CLANG_WARN_DIRECT_OBJC_ISA_USAGE = YES_ERROR;
				CLANG_WARN_DOCUMENTATION_COMMENTS = YES;
				CLANG_WARN_EMPTY_BODY = YES;
				CLANG_WARN_ENUM_CONVERSION = YES;
				CLANG_WARN_INFINITE_RECURSION = YES;
				CLANG_WARN_INT_CONVERSION = YES;
				CLANG_WARN_NON_LITERAL_NULL_CONVERSION = YES;
				CLANG_WARN_OBJC_IMPLICIT_RETAIN_SELF = YES;
				CLANG_WARN_OBJC_LITERAL_CONVERSION = YES;
				CLANG_WARN_OBJC_ROOT_CLASS = YES_ERROR;
				CLANG_WARN_QUOTED_INCLUDE_IN_FRAMEWORK_HEADER = YES;
				CLANG_WARN_RANGE_LOOP_ANALYSIS = YES;
				CLANG_WARN_STRICT_PROTOTYPES = YES;
				CLANG_WARN_SUSPICIOUS_MOVE = YES;
				CLANG_WARN_UNGUARDED_AVAILABILITY = YES_AGGRESSIVE;
				CLANG_WARN_UNREACHABLE_CODE = YES;
				CLANG_WARN__DUPLICATE_METHOD_MATCH = YES;
				COPY_PHASE_STRIP = NO;
				DEBUG_INFORMATION_FORMAT = "dwarf-with-dsym";
				ENABLE_NS_ASSERTIONS = NO;
				ENABLE_STRICT_OBJC_MSGSEND = YES;
				GCC_C_LANGUAGE_STANDARD = gnu11;
				GCC_NO_COMMON_BLOCKS = YES;
				GCC_WARN_64_TO_32_BIT_CONVERSION = YES;
				GCC_WARN_ABOUT_RETURN_TYPE = YES_ERROR;
				GCC_WARN_UNDECLARED_SELECTOR = YES;
				GCC_WARN_UNINITIALIZED_AUTOS = YES_AGGRESSIVE;
				GCC_WARN_UNUSED_FUNCTION = YES;
				GCC_WARN_UNUSED_VARIABLE = YES;
				IPHONEOS_DEPLOYMENT_TARGET = 15.5;
				MTL_ENABLE_DEBUG_INFO = NO;
				MTL_FAST_MATH = YES;
				SDKROOT = iphoneos;
				SWIFT_COMPILATION_MODE = wholemodule;
				SWIFT_OPTIMIZATION_LEVEL = "-O";
				VALIDATE_PRODUCT = YES;
			};
			name = Release;
		};
		2E58F28B2849D0D200BE7ED6 /* Debug */ = {
			isa = XCBuildConfiguration;
			buildSettings = {
				ASSETCATALOG_COMPILER_APPICON_NAME = AppIcon;
				ASSETCATALOG_COMPILER_GLOBAL_ACCENT_COLOR_NAME = AccentColor;
				CODE_SIGN_STYLE = Automatic;
				CURRENT_PROJECT_VERSION = 1;
				DEVELOPMENT_ASSET_PATHS = "\"Landmarks/Preview Content\"";
				ENABLE_PREVIEWS = YES;
				GENERATE_INFOPLIST_FILE = YES;
				INFOPLIST_KEY_UIApplicationSceneManifest_Generation = YES;
				INFOPLIST_KEY_UIApplicationSupportsIndirectInputEvents = YES;
				INFOPLIST_KEY_UILaunchScreen_Generation = YES;
				INFOPLIST_KEY_UISupportedInterfaceOrientations_iPad = "UIInterfaceOrientationPortrait UIInterfaceOrientationPortraitUpsideDown UIInterfaceOrientationLandscapeLeft UIInterfaceOrientationLandscapeRight";
				INFOPLIST_KEY_UISupportedInterfaceOrientations_iPhone = "UIInterfaceOrientationPortrait UIInterfaceOrientationLandscapeLeft UIInterfaceOrientationLandscapeRight";
				LD_RUNPATH_SEARCH_PATHS = (
					"$(inherited)",
					"@executable_path/Frameworks",
				);
				MARKETING_VERSION = 1.0;
				PRODUCT_BUNDLE_IDENTIFIER = Hiroyukiy.Landmarks;
				PRODUCT_NAME = "$(TARGET_NAME)";
				SWIFT_EMIT_LOC_STRINGS = YES;
				SWIFT_VERSION = 5.0;
				TARGETED_DEVICE_FAMILY = "1,2";
			};
			name = Debug;
		};
		2E58F28C2849D0D200BE7ED6 /* Release */ = {
			isa = XCBuildConfiguration;
			buildSettings = {
				ASSETCATALOG_COMPILER_APPICON_NAME = AppIcon;
				ASSETCATALOG_COMPILER_GLOBAL_ACCENT_COLOR_NAME = AccentColor;
				CODE_SIGN_STYLE = Automatic;
				CURRENT_PROJECT_VERSION = 1;
				DEVELOPMENT_ASSET_PATHS = "\"Landmarks/Preview Content\"";
				ENABLE_PREVIEWS = YES;
				GENERATE_INFOPLIST_FILE = YES;
				INFOPLIST_KEY_UIApplicationSceneManifest_Generation = YES;
				INFOPLIST_KEY_UIApplicationSupportsIndirectInputEvents = YES;
				INFOPLIST_KEY_UILaunchScreen_Generation = YES;
				INFOPLIST_KEY_UISupportedInterfaceOrientations_iPad = "UIInterfaceOrientationPortrait UIInterfaceOrientationPortraitUpsideDown UIInterfaceOrientationLandscapeLeft UIInterfaceOrientationLandscapeRight";
				INFOPLIST_KEY_UISupportedInterfaceOrientations_iPhone = "UIInterfaceOrientationPortrait UIInterfaceOrientationLandscapeLeft UIInterfaceOrientationLandscapeRight";
				LD_RUNPATH_SEARCH_PATHS = (
					"$(inherited)",
					"@executable_path/Frameworks",
				);
				MARKETING_VERSION = 1.0;
				PRODUCT_BUNDLE_IDENTIFIER = Hiroyukiy.Landmarks;
				PRODUCT_NAME = "$(TARGET_NAME)";
				SWIFT_EMIT_LOC_STRINGS = YES;
				SWIFT_VERSION = 5.0;
				TARGETED_DEVICE_FAMILY = "1,2";
			};
			name = Release;
		};
		2E58F28E2849D0D200BE7ED6 /* Debug */ = {
			isa = XCBuildConfiguration;
			buildSettings = {
				ALWAYS_EMBED_SWIFT_STANDARD_LIBRARIES = YES;
				BUNDLE_LOADER = "$(TEST_HOST)";
				CODE_SIGN_STYLE = Automatic;
				CURRENT_PROJECT_VERSION = 1;
				GENERATE_INFOPLIST_FILE = YES;
				IPHONEOS_DEPLOYMENT_TARGET = 15.5;
				MARKETING_VERSION = 1.0;
				PRODUCT_BUNDLE_IDENTIFIER = Hiroyukiy.LandmarksTests;
				PRODUCT_NAME = "$(TARGET_NAME)";
				SWIFT_EMIT_LOC_STRINGS = NO;
				SWIFT_VERSION = 5.0;
				TARGETED_DEVICE_FAMILY = "1,2";
				TEST_HOST = "$(BUILT_PRODUCTS_DIR)/Landmarks.app/Landmarks";
			};
			name = Debug;
		};
		2E58F28F2849D0D200BE7ED6 /* Release */ = {
			isa = XCBuildConfiguration;
			buildSettings = {
				ALWAYS_EMBED_SWIFT_STANDARD_LIBRARIES = YES;
				BUNDLE_LOADER = "$(TEST_HOST)";
				CODE_SIGN_STYLE = Automatic;
				CURRENT_PROJECT_VERSION = 1;
				GENERATE_INFOPLIST_FILE = YES;
				IPHONEOS_DEPLOYMENT_TARGET = 15.5;
				MARKETING_VERSION = 1.0;
				PRODUCT_BUNDLE_IDENTIFIER = Hiroyukiy.LandmarksTests;
				PRODUCT_NAME = "$(TARGET_NAME)";
				SWIFT_EMIT_LOC_STRINGS = NO;
				SWIFT_VERSION = 5.0;
				TARGETED_DEVICE_FAMILY = "1,2";
				TEST_HOST = "$(BUILT_PRODUCTS_DIR)/Landmarks.app/Landmarks";
			};
			name = Release;
		};
		2E58F2912849D0D200BE7ED6 /* Debug */ = {
			isa = XCBuildConfiguration;
			buildSettings = {
				ALWAYS_EMBED_SWIFT_STANDARD_LIBRARIES = YES;
				CODE_SIGN_STYLE = Automatic;
				CURRENT_PROJECT_VERSION = 1;
				GENERATE_INFOPLIST_FILE = YES;
				MARKETING_VERSION = 1.0;
				PRODUCT_BUNDLE_IDENTIFIER = Hiroyukiy.LandmarksUITests;
				PRODUCT_NAME = "$(TARGET_NAME)";
				SWIFT_EMIT_LOC_STRINGS = NO;
				SWIFT_VERSION = 5.0;
				TARGETED_DEVICE_FAMILY = "1,2";
				TEST_TARGET_NAME = Landmarks;
			};
			name = Debug;
		};
		2E58F2922849D0D200BE7ED6 /* Release */ = {
			isa = XCBuildConfiguration;
			buildSettings = {
				ALWAYS_EMBED_SWIFT_STANDARD_LIBRARIES = YES;
				CODE_SIGN_STYLE = Automatic;
				CURRENT_PROJECT_VERSION = 1;
				GENERATE_INFOPLIST_FILE = YES;
				MARKETING_VERSION = 1.0;
				PRODUCT_BUNDLE_IDENTIFIER = Hiroyukiy.LandmarksUITests;
				PRODUCT_NAME = "$(TARGET_NAME)";
				SWIFT_EMIT_LOC_STRINGS = NO;
				SWIFT_VERSION = 5.0;
				TARGETED_DEVICE_FAMILY = "1,2";
				TEST_TARGET_NAME = Landmarks;
			};
			name = Release;
		};
/* End XCBuildConfiguration section */

/* Begin XCConfigurationList section */
		2E58F2612849D0CD00BE7ED6 /* Build configuration list for PBXProject "Landmarks" */ = {
			isa = XCConfigurationList;
			buildConfigurations = (
				2E58F2882849D0D200BE7ED6 /* Debug */,
				2E58F2892849D0D200BE7ED6 /* Release */,
			);
			defaultConfigurationIsVisible = 0;
			defaultConfigurationName = Release;
		};
		2E58F28A2849D0D200BE7ED6 /* Build configuration list for PBXNativeTarget "Landmarks" */ = {
			isa = XCConfigurationList;
			buildConfigurations = (
				2E58F28B2849D0D200BE7ED6 /* Debug */,
				2E58F28C2849D0D200BE7ED6 /* Release */,
			);
			defaultConfigurationIsVisible = 0;
			defaultConfigurationName = Release;
		};
		2E58F28D2849D0D200BE7ED6 /* Build configuration list for PBXNativeTarget "LandmarksTests" */ = {
			isa = XCConfigurationList;
			buildConfigurations = (
				2E58F28E2849D0D200BE7ED6 /* Debug */,
				2E58F28F2849D0D200BE7ED6 /* Release */,
			);
			defaultConfigurationIsVisible = 0;
			defaultConfigurationName = Release;
		};
		2E58F2902849D0D200BE7ED6 /* Build configuration list for PBXNativeTarget "LandmarksUITests" */ = {
			isa = XCConfigurationList;
			buildConfigurations = (
				2E58F2912849D0D200BE7ED6 /* Debug */,
				2E58F2922849D0D200BE7ED6 /* Release */,
			);
			defaultConfigurationIsVisible = 0;
			defaultConfigurationName = Release;
		};
/* End XCConfigurationList section */
	};
	rootObject = 2E58F25E2849D0CD00BE7ED6 /* Project object */;
}
